<?xml version="1.0" encoding="utf-8"?>
<Project ToolsVersion="4.0" xmlns="http://schemas.microsoft.com/developer/msbuild/2003">
  <ItemGroup>
    <Filter Include="Container">
      <UniqueIdentifier>{0e02aecc-2570-4a2e-8719-fa001a1397e6}</UniqueIdentifier>
    </Filter>
    <Filter Include="File">
      <UniqueIdentifier>{648e9a5d-07d3-4cba-aaa5-45cfe5ab72c8}</UniqueIdentifier>
    </Filter>
    <Filter Include="Header Files">
      <UniqueIdentifier>{07250194-f875-4fe8-89f8-7ef2343d75fb}</UniqueIdentifier>
    </Filter>
    <Filter Include="ResultCode">
      <UniqueIdentifier>{68274105-2c30-4be4-a72e-129218031f2a}</UniqueIdentifier>
    </Filter>
    <Filter Include="SharedPointer">
      <UniqueIdentifier>{52c81bb6-6ae2-4551-9ac1-a11cafc342b1}</UniqueIdentifier>
    </Filter>
    <Filter Include="String">
      <UniqueIdentifier>{2a1d7bd2-9d6c-4ba7-8480-43c57cb6e87a}</UniqueIdentifier>
    </Filter>
    <Filter Include="System">
      <UniqueIdentifier>{fcccf716-7bfa-45e3-ab89-4419b061100e}</UniqueIdentifier>
    </Filter>
    <Filter Include="Thread">
      <UniqueIdentifier>{bad48a08-893d-48fc-968f-592adb985b70}</UniqueIdentifier>
    </Filter>
    <Filter Include="Types">
      <UniqueIdentifier>{e2d2ce13-0a95-4a98-8511-c06259d2c589}</UniqueIdentifier>
    </Filter>
    <Filter Include="Utility">
      <UniqueIdentifier>{7bcfcdce-250e-4e97-82b1-0e08651a7853}</UniqueIdentifier>
    </Filter>
    <Filter Include="Task">
      <UniqueIdentifier>{8f66504b-3e11-4c00-96f1-5d3c09c6e7e6}</UniqueIdentifier>
    </Filter>
    <Filter Include="Object">
      <UniqueIdentifier>{ef5592b3-a1dc-43ed-88a6-9a58447f3a53}</UniqueIdentifier>
    </Filter>
    <Filter Include="Memory">
      <UniqueIdentifier>{079dc85e-b7bc-4512-beb9-12565845140e}</UniqueIdentifier>
    </Filter>
  </ItemGroup>
  <ItemGroup>
    <ClCompile Include="$(MSBuildThisFileDirectory)DefaultLibComponent.cpp" />
    <ClCompile Include="$(MSBuildThisFileDirectory)GlobalUIDGenerator.cpp" />
    <ClCompile Include="$(MSBuildThisFileDirectory)LocalUIDGenerator.cpp" />
    <ClCompile Include="$(MSBuildThisFileDirectory)UniqueEntityIDGenerator.cpp" />
    <ClCompile Include="$(MSBuildThisFileDirectory)Binary.cpp">
      <Filter>Utility</Filter>
    </ClCompile>
    <ClCompile Include="$(MSBuildThisFileDirectory)File\BRFile.linux.cpp">
      <Filter>File</Filter>
    </ClCompile>
    <ClCompile Include="$(MSBuildThisFileDirectory)File\BRFile.win32.cpp">
      <Filter>File</Filter>
    </ClCompile>
    <ClCompile Include="$(MSBuildThisFileDirectory)BrGameTypes.cpp">
      <Filter>Types</Filter>
    </ClCompile>
    <ClCompile Include="$(MSBuildThisFileDirectory)BrLibComponents.cpp">
      <Filter>System</Filter>
    </ClCompile>
    <ClCompile Include="$(MSBuildThisFileDirectory)BrMemory.cpp">
      <Filter>System</Filter>
    </ClCompile>
    <ClCompile Include="$(MSBuildThisFileDirectory)BrRandom.cpp">
      <Filter>Utility</Filter>
    </ClCompile>
    <ClCompile Include="$(MSBuildThisFileDirectory)BrXML.cpp">
      <Filter>Utility</Filter>
    </ClCompile>
    <ClCompile Include="$(MSBuildThisFileDirectory)MemoryPool.cpp">
      <Filter>System</Filter>
    </ClCompile>
    <ClCompile Include="$(MSBuildThisFileDirectory)MemoryStream.cpp">
      <Filter>System</Filter>
    </ClCompile>
    <ClCompile Include="$(MSBuildThisFileDirectory)ObjectPool.cpp">
      <Filter>Container</Filter>
    </ClCompile>
    <ClCompile Include="$(MSBuildThisFileDirectory)Task\Task.cpp">
      <Filter>Task</Filter>
    </ClCompile>
    <ClCompile Include="$(MSBuildThisFileDirectory)Task\TaskManager.cpp">
      <Filter>Task</Filter>
    </ClCompile>
    <ClCompile Include="$(MSBuildThisFileDirectory)Task\TimeScheduler.cpp">
      <Filter>Task</Filter>
    </ClCompile>
    <ClCompile Include="$(MSBuildThisFileDirectory)CrashDump.linux.cpp">
      <Filter>Utility</Filter>
    </ClCompile>
    <ClCompile Include="$(MSBuildThisFileDirectory)CrashDump.win32.cpp">
      <Filter>Utility</Filter>
    </ClCompile>
    <ClCompile Include="$(MSBuildThisFileDirectory)CryptoBase64.cpp">
      <Filter>Utility</Filter>
    </ClCompile>
    <ClCompile Include="$(MSBuildThisFileDirectory)CryptoCrc32.cpp">
      <Filter>Utility</Filter>
    </ClCompile>
    <ClCompile Include="$(MSBuildThisFileDirectory)CryptoSHA.cpp">
      <Filter>Utility</Filter>
    </ClCompile>
    <ClCompile Include="$(MSBuildThisFileDirectory)Task\EventTask.cpp">
      <Filter>Task</Filter>
    </ClCompile>
    <ClCompile Include="$(MSBuildThisFileDirectory)StackPool.cpp">
      <Filter>Container</Filter>
    </ClCompile>
    <ClCompile Include="$(MSBuildThisFileDirectory)Message.cpp">
      <Filter>Types</Filter>
    </ClCompile>
    <ClCompile Include="$(MSBuildThisFileDirectory)StackWalker.cpp">
      <Filter>System</Filter>
    </ClCompile>
    <ClCompile Include="$(MSBuildThisFileDirectory)StringKey.cpp">
      <Filter>String</Filter>
    </ClCompile>
    <ClCompile Include="$(MSBuildThisFileDirectory)StrParserUtil.cpp">
      <Filter>String</Filter>
    </ClCompile>
    <ClCompile Include="$(MSBuildThisFileDirectory)StrUtil.cpp">
      <Filter>String</Filter>
    </ClCompile>
    <ClCompile Include="$(MSBuildThisFileDirectory)Synchronization.cpp">
      <Filter>Thread</Filter>
    </ClCompile>
    <ClCompile Include="$(MSBuildThisFileDirectory)Trace.cpp">
      <Filter>System</Filter>
    </ClCompile>
    <ClCompile Include="$(MSBuildThisFileDirectory)TraceComponent.cpp">
      <Filter>System</Filter>
    </ClCompile>
    <ClCompile Include="$(MSBuildThisFileDirectory)Thread.cpp">
      <Filter>Thread</Filter>
    </ClCompile>
    <ClCompile Include="$(MSBuildThisFileDirectory)TimeUtil.cpp">
      <Filter>Utility</Filter>
    </ClCompile>
    <ClCompile Include="$(MSBuildThisFileDirectory)TypeUtility.cpp">
      <Filter>Utility</Filter>
    </ClCompile>
    <ClCompile Include="$(MSBuildThisFileDirectory)Utility.cpp">
      <Filter>Utility</Filter>
    </ClCompile>
    <ClCompile Include="$(MSBuildThisFileDirectory)String\FixedStringDB.cpp">
      <Filter>String</Filter>
    </ClCompile>
    <ClCompile Include="$(MSBuildThisFileDirectory)String\SFString.cpp">
      <Filter>String</Filter>
    </ClCompile>
    <ClCompile Include="$(MSBuildThisFileDirectory)Object\SharedReferenceManager.cpp">
      <Filter>Object</Filter>
    </ClCompile>
    <ClCompile Include="$(MSBuildThisFileDirectory)Object\SharedObject.cpp">
      <Filter>Object</Filter>
    </ClCompile>
    <ClCompile Include="$(MSBuildThisFileDirectory)String\Argument.cpp">
      <Filter>String</Filter>
    </ClCompile>
    <ClCompile Include="$(MSBuildThisFileDirectory)String\ToString.cpp">
      <Filter>String</Filter>
    </ClCompile>
    <ClCompile Include="$(MSBuildThisFileDirectory)String\ToStringBase.cpp">
      <Filter>String</Filter>
    </ClCompile>
    <ClCompile Include="$(MSBuildThisFileDirectory)String\ToStringGame.cpp">
      <Filter>String</Filter>
    </ClCompile>
    <ClCompile Include="$(MSBuildThisFileDirectory)String\ToStringSvr.cpp">
      <Filter>String</Filter>
    </ClCompile>
    <ClCompile Include="$(MSBuildThisFileDirectory)Memory\MemoryPool.cpp">
      <Filter>Memory</Filter>
    </ClCompile>
    <ClCompile Include="$(MSBuildThisFileDirectory)Memory\SFMemory.cpp">
      <Filter>Memory</Filter>
    </ClCompile>
    <ClCompile Include="$(MSBuildThisFileDirectory)Memory\MemoryManager.cpp">
      <Filter>Memory</Filter>
    </ClCompile>
  </ItemGroup>
  <ItemGroup>
    <ClInclude Include="$(MSBuildThisFileDirectory)GameConst.h" />
    <ClInclude Include="$(MSBuildThisFileDirectory)PolicyID.h" />
    <ClInclude Include="$(MSBuildThisFileDirectory)stdafx.h" />
    <ClInclude Include="$(MSBuildThisFileDirectory)SvrPolicyID.h" />
    <ClInclude Include="$(MSBuildThisFileDirectory)DefaultLibComponent.h" />
    <ClInclude Include="$(MSBuildThisFileDirectory)GlobalUIDGenerator.h" />
    <ClInclude Include="$(MSBuildThisFileDirectory)Indexing.h" />
    <ClInclude Include="$(MSBuildThisFileDirectory)LocalUIDGenerator.h" />
    <ClInclude Include="$(MSBuildThisFileDirectory)Memento.h" />
    <ClInclude Include="$(MSBuildThisFileDirectory)UniqueEntityIDGenerator.h" />
    <ClInclude Include="$(MSBuildThisFileDirectory)ArrayUtil.h">
      <Filter>Utility</Filter>
    </ClInclude>
    <ClInclude Include="$(MSBuildThisFileDirectory)Binary.h">
      <Filter>Utility</Filter>
    </ClInclude>
    <ClInclude Include="$(MSBuildThisFileDirectory)BrAssert.h">
      <Filter>System</Filter>
    </ClInclude>
    <ClInclude Include="$(MSBuildThisFileDirectory)BrBaseTypes.h">
      <Filter>Types</Filter>
    </ClInclude>
    <ClInclude Include="$(MSBuildThisFileDirectory)BrCommonTypes.h">
      <Filter>Types</Filter>
    </ClInclude>
    <ClInclude Include="$(MSBuildThisFileDirectory)BrComponent.h">
      <Filter>System</Filter>
    </ClInclude>
    <ClInclude Include="$(MSBuildThisFileDirectory)File\BRFile.h">
      <Filter>File</Filter>
    </ClInclude>
    <ClInclude Include="$(MSBuildThisFileDirectory)BrGameTypes.h">
      <Filter>Types</Filter>
    </ClInclude>
    <ClInclude Include="$(MSBuildThisFileDirectory)BrLibComponents.h">
      <Filter>System</Filter>
    </ClInclude>
    <ClInclude Include="$(MSBuildThisFileDirectory)BrLinkedList.h">
      <Filter>Container</Filter>
    </ClInclude>
    <ClInclude Include="$(MSBuildThisFileDirectory)BrMemory.h">
      <Filter>System</Filter>
    </ClInclude>
    <ClInclude Include="$(MSBuildThisFileDirectory)BrRandom.h">
      <Filter>Utility</Filter>
    </ClInclude>
    <ClInclude Include="$(MSBuildThisFileDirectory)BRResult.h">
      <Filter>ResultCode</Filter>
    </ClInclude>
    <ClInclude Include="$(MSBuildThisFileDirectory)ResultCode\BRResultCodeCommon.h">
      <Filter>ResultCode</Filter>
    </ClInclude>
    <ClInclude Include="$(MSBuildThisFileDirectory)ResultCode\BRResultCodeDB.h">
      <Filter>ResultCode</Filter>
    </ClInclude>
    <ClInclude Include="$(MSBuildThisFileDirectory)ResultCode\BRResultCodeGame.h">
      <Filter>ResultCode</Filter>
    </ClInclude>
    <ClInclude Include="$(MSBuildThisFileDirectory)ResultCode\BRResultCodeLogin.h">
      <Filter>ResultCode</Filter>
    </ClInclude>
    <ClInclude Include="$(MSBuildThisFileDirectory)ResultCode\BRResultCodeNet.h">
      <Filter>ResultCode</Filter>
    </ClInclude>
    <ClInclude Include="$(MSBuildThisFileDirectory)ResultCode\BRResultCodeSvr.h">
      <Filter>ResultCode</Filter>
    </ClInclude>
    <ClInclude Include="$(MSBuildThisFileDirectory)ResultCode\BRResultCodeSystem.h">
      <Filter>ResultCode</Filter>
    </ClInclude>
    <ClInclude Include="$(MSBuildThisFileDirectory)BrSvrTypes.h">
      <Filter>Types</Filter>
    </ClInclude>
    <ClInclude Include="$(MSBuildThisFileDirectory)BrXML.h">
      <Filter>Utility</Filter>
    </ClInclude>
    <ClInclude Include="$(MSBuildThisFileDirectory)CircularQueue.h">
      <Filter>Container</Filter>
    </ClInclude>
    <ClInclude Include="$(MSBuildThisFileDirectory)Memory_Impl.h">
      <Filter>System</Filter>
    </ClInclude>
    <ClInclude Include="$(MSBuildThisFileDirectory)MemoryBufferUtil.h">
      <Filter>System</Filter>
    </ClInclude>
    <ClInclude Include="$(MSBuildThisFileDirectory)MemoryPool.h">
      <Filter>System</Filter>
    </ClInclude>
    <ClInclude Include="$(MSBuildThisFileDirectory)MemoryStream.h">
      <Filter>System</Filter>
    </ClInclude>
    <ClInclude Include="$(MSBuildThisFileDirectory)DualSortedMap.h">
      <Filter>Container</Filter>
    </ClInclude>
    <ClInclude Include="$(MSBuildThisFileDirectory)PageQueue.h">
      <Filter>Container</Filter>
    </ClInclude>
    <ClInclude Include="$(MSBuildThisFileDirectory)OrderedLinkedList.h">
      <Filter>Container</Filter>
    </ClInclude>
    <ClInclude Include="$(MSBuildThisFileDirectory)ObjectPool.h">
      <Filter>Container</Filter>
    </ClInclude>
    <ClInclude Include="$(MSBuildThisFileDirectory)SpinBuffer.h">
      <Filter>Container</Filter>
    </ClInclude>
    <ClInclude Include="$(MSBuildThisFileDirectory)SortedMap.h">
      <Filter>Container</Filter>
    </ClInclude>
    <ClInclude Include="$(MSBuildThisFileDirectory)SpinBufferMT.h">
      <Filter>Container</Filter>
    </ClInclude>
    <ClInclude Include="$(MSBuildThisFileDirectory)SpinSharedBuffer.h">
      <Filter>Container</Filter>
    </ClInclude>
    <ClInclude Include="$(MSBuildThisFileDirectory)StaticDoubleLinkedList.h">
      <Filter>Container</Filter>
    </ClInclude>
    <ClInclude Include="$(MSBuildThisFileDirectory)StaticLinkedList.h">
      <Filter>Container</Filter>
    </ClInclude>
    <ClInclude Include="$(MSBuildThisFileDirectory)StaticHashTable.h">
      <Filter>Container</Filter>
    </ClInclude>
    <ClInclude Include="$(MSBuildThisFileDirectory)SharedObj.h">
      <Filter>SharedPointer</Filter>
    </ClInclude>
    <ClInclude Include="$(MSBuildThisFileDirectory)Task\TimeSchedulerAction.h">
      <Filter>Task</Filter>
    </ClInclude>
    <ClInclude Include="$(MSBuildThisFileDirectory)Task\Task.h">
      <Filter>Task</Filter>
    </ClInclude>
    <ClInclude Include="$(MSBuildThisFileDirectory)Task\TaskManager.h">
      <Filter>Task</Filter>
    </ClInclude>
    <ClInclude Include="$(MSBuildThisFileDirectory)TicketQueue.h">
      <Filter>Task</Filter>
    </ClInclude>
    <ClInclude Include="$(MSBuildThisFileDirectory)Task\TimeScheduler.h">
      <Filter>Task</Filter>
    </ClInclude>
    <ClInclude Include="$(MSBuildThisFileDirectory)ClassUtil.h">
      <Filter>Utility</Filter>
    </ClInclude>
    <ClInclude Include="$(MSBuildThisFileDirectory)Task\EventTask.h">
      <Filter>Task</Filter>
    </ClInclude>
    <ClInclude Include="$(MSBuildThisFileDirectory)HashTable.h">
      <Filter>Container</Filter>
    </ClInclude>
    <ClInclude Include="$(MSBuildThisFileDirectory)HashTable2.h">
      <Filter>Container</Filter>
    </ClInclude>
    <ClInclude Include="$(MSBuildThisFileDirectory)HashTableTrait.h">
      <Filter>Container</Filter>
    </ClInclude>
    <ClInclude Include="$(MSBuildThisFileDirectory)StackPool.h">
      <Filter>Container</Filter>
    </ClInclude>
    <ClInclude Include="$(MSBuildThisFileDirectory)Message.h">
      <Filter>Types</Filter>
    </ClInclude>
    <ClInclude Include="$(MSBuildThisFileDirectory)MathUtil.h">
      <Filter>Types</Filter>
    </ClInclude>
    <ClInclude Include="$(MSBuildThisFileDirectory)MathUtilToString.h">
      <Filter>Types</Filter>
    </ClInclude>
    <ClInclude Include="$(MSBuildThisFileDirectory)StackWalker.h">
      <Filter>System</Filter>
    </ClInclude>
    <ClInclude Include="$(MSBuildThisFileDirectory)StrFormat.h">
      <Filter>String</Filter>
    </ClInclude>
    <ClInclude Include="$(MSBuildThisFileDirectory)StringKey.h">
      <Filter>String</Filter>
    </ClInclude>
    <ClInclude Include="$(MSBuildThisFileDirectory)StrParserUtil.h">
      <Filter>String</Filter>
    </ClInclude>
    <ClInclude Include="$(MSBuildThisFileDirectory)StrUtil.h">
      <Filter>String</Filter>
    </ClInclude>
    <ClInclude Include="$(MSBuildThisFileDirectory)Synchronization.h">
      <Filter>Thread</Filter>
    </ClInclude>
    <ClInclude Include="$(MSBuildThisFileDirectory)SynchronizationTrait.h">
      <Filter>Thread</Filter>
    </ClInclude>
    <ClInclude Include="$(MSBuildThisFileDirectory)SystemSynchronization.h">
      <Filter>Thread</Filter>
    </ClInclude>
    <ClInclude Include="$(MSBuildThisFileDirectory)Trace.h">
      <Filter>System</Filter>
    </ClInclude>
    <ClInclude Include="$(MSBuildThisFileDirectory)Trace_Internal.h">
      <Filter>System</Filter>
    </ClInclude>
    <ClInclude Include="$(MSBuildThisFileDirectory)TraceComponent.h">
      <Filter>System</Filter>
    </ClInclude>
    <ClInclude Include="$(MSBuildThisFileDirectory)Thread.h">
      <Filter>Thread</Filter>
    </ClInclude>
    <ClInclude Include="$(MSBuildThisFileDirectory)TimeUtil.h">
      <Filter>Utility</Filter>
    </ClInclude>
    <ClInclude Include="$(MSBuildThisFileDirectory)TypeUtility.h">
      <Filter>Utility</Filter>
    </ClInclude>
    <ClInclude Include="$(MSBuildThisFileDirectory)Typedefs.h">
      <Filter>Types</Filter>
    </ClInclude>
    <ClInclude Include="$(MSBuildThisFileDirectory)Utility.h">
      <Filter>Utility</Filter>
    </ClInclude>
    <ClInclude Include="$(MSBuildThisFileDirectory)String\FixedStringDB.h">
      <Filter>String</Filter>
    </ClInclude>
    <ClInclude Include="$(MSBuildThisFileDirectory)String\Hasher32.h">
      <Filter>String</Filter>
    </ClInclude>
    <ClInclude Include="$(MSBuildThisFileDirectory)String\Hasher64.h">
      <Filter>String</Filter>
    </ClInclude>
    <ClInclude Include="$(MSBuildThisFileDirectory)String\FixedString.h">
      <Filter>String</Filter>
    </ClInclude>
    <ClInclude Include="$(MSBuildThisFileDirectory)String\FixedString32.h">
      <Filter>String</Filter>
    </ClInclude>
    <ClInclude Include="$(MSBuildThisFileDirectory)String\SFString.h">
      <Filter>String</Filter>
    </ClInclude>
    <ClInclude Include="$(MSBuildThisFileDirectory)SFTypedefs.h" />
    <ClInclude Include="$(MSBuildThisFileDirectory)SFAssert.h" />
    <ClInclude Include="$(MSBuildThisFileDirectory)Object\SharedPointer.h">
      <Filter>Object</Filter>
    </ClInclude>
    <ClInclude Include="$(MSBuildThisFileDirectory)Object\SharedReferenceManager.h">
      <Filter>Object</Filter>
    </ClInclude>
    <ClInclude Include="$(MSBuildThisFileDirectory)Object\SharedObject.h">
      <Filter>Object</Filter>
    </ClInclude>
    <ClInclude Include="$(MSBuildThisFileDirectory)String\Argument.h">
      <Filter>String</Filter>
    </ClInclude>
    <ClInclude Include="$(MSBuildThisFileDirectory)String\ToString.h">
      <Filter>String</Filter>
    </ClInclude>
    <ClInclude Include="$(MSBuildThisFileDirectory)String\ToStringBase.h">
      <Filter>String</Filter>
    </ClInclude>
    <ClInclude Include="$(MSBuildThisFileDirectory)String\ToStringGame.h">
      <Filter>String</Filter>
    </ClInclude>
    <ClInclude Include="$(MSBuildThisFileDirectory)String\ToStringSvr.h">
      <Filter>String</Filter>
    </ClInclude>
    <ClInclude Include="$(MSBuildThisFileDirectory)Memory\MemoryManager.h">
      <Filter>Memory</Filter>
    </ClInclude>
    <ClInclude Include="$(MSBuildThisFileDirectory)Memory\MemoryPool.h">
      <Filter>Memory</Filter>
    </ClInclude>
    <ClInclude Include="$(MSBuildThisFileDirectory)Memory\SFMemory.h">
      <Filter>Memory</Filter>
    </ClInclude>
    <ClInclude Include="$(MSBuildThisFileDirectory)Memory\IMemoryManager.h">
      <Filter>Memory</Filter>
    </ClInclude>
    <ClInclude Include="$(MSBuildThisFileDirectory)Memory\Memory_Impl.h">
      <Filter>Memory</Filter>
    </ClInclude>
    <ClInclude Include="$(MSBuildThisFileDirectory)Memory\MemoryBufferUtil.h">
      <Filter>Memory</Filter>
    </ClInclude>
  </ItemGroup>
  <ItemGroup>
    <None Include="$(MSBuildThisFileDirectory)ArrayUtil.inl">
      <Filter>Utility</Filter>
    </None>
    <None Include="$(MSBuildThisFileDirectory)Binary.inl">
      <Filter>Utility</Filter>
    </None>
    <None Include="$(MSBuildThisFileDirectory)BrBaseTypes.inl">
      <Filter>Types</Filter>
    </None>
    <None Include="$(MSBuildThisFileDirectory)BrCommonTypes.inl">
      <Filter>Types</Filter>
    </None>
    <None Include="$(MSBuildThisFileDirectory)BrGameTypes.inl">
      <Filter>Types</Filter>
    </None>
    <None Include="$(MSBuildThisFileDirectory)BrLinkedList_MT.inl">
      <Filter>Container</Filter>
    </None>
    <None Include="$(MSBuildThisFileDirectory)BrLinkedList_ST.inl">
      <Filter>Container</Filter>
    </None>
    <None Include="$(MSBuildThisFileDirectory)BrMemory.inl">
      <Filter>System</Filter>
    </None>
    <None Include="$(MSBuildThisFileDirectory)BrRandom.inl">
      <Filter>Utility</Filter>
    </None>
    <None Include="$(MSBuildThisFileDirectory)BrSvrTypes.inl">
      <Filter>Types</Filter>
    </None>
    <None Include="$(MSBuildThisFileDirectory)BrXML.inl">
      <Filter>Utility</Filter>
    </None>
    <None Include="$(MSBuildThisFileDirectory)CircularQueue.inl">
      <Filter>Container</Filter>
    </None>
    <None Include="$(MSBuildThisFileDirectory)MemoryStream.inl">
      <Filter>System</Filter>
    </None>
    <None Include="$(MSBuildThisFileDirectory)MemoryPool.inl">
      <Filter>System</Filter>
    </None>
    <None Include="$(MSBuildThisFileDirectory)DualSortedMap.inl">
      <Filter>Container</Filter>
    </None>
    <None Include="$(MSBuildThisFileDirectory)PageQueue.inl">
      <Filter>Container</Filter>
    </None>
    <None Include="$(MSBuildThisFileDirectory)ObjectPool.inl">
      <Filter>Container</Filter>
    </None>
    <None Include="$(MSBuildThisFileDirectory)SortedMap.inl">
      <Filter>Container</Filter>
    </None>
    <None Include="$(MSBuildThisFileDirectory)SpinBuffer.inl">
      <Filter>Container</Filter>
    </None>
    <None Include="$(MSBuildThisFileDirectory)SpinBufferMT.inl">
      <Filter>Container</Filter>
    </None>
    <None Include="$(MSBuildThisFileDirectory)SpinSharedBuffer.inl">
      <Filter>Container</Filter>
    </None>
    <None Include="$(MSBuildThisFileDirectory)SharedObj.inl">
      <Filter>SharedPointer</Filter>
    </None>
    <None Include="$(MSBuildThisFileDirectory)Task\Task.inl">
      <Filter>Task</Filter>
    </None>
    <None Include="$(MSBuildThisFileDirectory)Task\TaskManager.inl">
      <Filter>Task</Filter>
    </None>
    <None Include="$(MSBuildThisFileDirectory)TicketQueue.inl">
      <Filter>Task</Filter>
    </None>
    <None Include="$(MSBuildThisFileDirectory)CryptoCRC32Table.inl">
      <Filter>Utility</Filter>
    </None>
    <None Include="$(MSBuildThisFileDirectory)Task\EventTask.inl">
      <Filter>Task</Filter>
    </None>
    <None Include="$(MSBuildThisFileDirectory)StackPool.inl">
      <Filter>Container</Filter>
    </None>
    <None Include="$(MSBuildThisFileDirectory)Message.inl">
      <Filter>Types</Filter>
    </None>
    <None Include="$(MSBuildThisFileDirectory)MathUtil.inl">
      <Filter>Types</Filter>
    </None>
    <None Include="$(MSBuildThisFileDirectory)StrUtil.inl">
      <Filter>String</Filter>
    </None>
    <None Include="$(MSBuildThisFileDirectory)Synchronization.inl">
      <Filter>Thread</Filter>
    </None>
    <None Include="$(MSBuildThisFileDirectory)SystemSynchronize_linux.inl">
      <Filter>Thread</Filter>
    </None>
    <None Include="$(MSBuildThisFileDirectory)SystemSynchronize_win.inl">
      <Filter>Thread</Filter>
    </None>
    <None Include="$(MSBuildThisFileDirectory)Trace.inl">
      <Filter>System</Filter>
    </None>
    <None Include="$(MSBuildThisFileDirectory)Trace_Internal.inl">
      <Filter>System</Filter>
    </None>
    <None Include="$(MSBuildThisFileDirectory)Thread.inl">
      <Filter>Thread</Filter>
    </None>
    <None Include="$(MSBuildThisFileDirectory)TimeUtil.inl">
      <Filter>Utility</Filter>
    </None>
    <None Include="$(MSBuildThisFileDirectory)Utility.inl">
      <Filter>Utility</Filter>
    </None>
    <None Include="$(MSBuildThisFileDirectory)String\HashCRC32Table.inl">
      <Filter>String</Filter>
    </None>
    <None Include="$(MSBuildThisFileDirectory)Memory\MemoryPool.inl">
      <Filter>Memory</Filter>
    </None>
  </ItemGroup>
</Project>