
Microsoft Visual Studio Solution File, Format Version 12.00
# Visual Studio 14
VisualStudioVersion = 14.0.23107.0
MinimumVisualStudioVersion = 10.0.40219.1
Project("{8BC9CEB8-8B4A-11D0-8D11-00A0C91BC942}") = "TestApp", "TestApp\TestApp.vcxproj", "{9868EF4C-5388-48A8-8B55-DE26A42DF66F}"
	ProjectSection(ProjectDependencies) = postProject
		{588D141B-A7E7-4210-B5F8-DBCC53D387C3} = {588D141B-A7E7-4210-B5F8-DBCC53D387C3}
		{9BAD071F-8327-4270-A882-5113D650E6D3} = {9BAD071F-8327-4270-A882-5113D650E6D3}
		{44D18223-FCDB-4525-BDD1-EF8BB2AF8B3D} = {44D18223-FCDB-4525-BDD1-EF8BB2AF8B3D}
		{F6FEC223-62BC-49A8-B165-A5B981124024} = {F6FEC223-62BC-49A8-B165-A5B981124024}
		{FE22DD74-B69A-4D34-9C20-ED51D14CD077} = {FE22DD74-B69A-4D34-9C20-ED51D14CD077}
		{7035EA94-3335-4FD7-A3E3-28F80CCBABBF} = {7035EA94-3335-4FD7-A3E3-28F80CCBABBF}
	EndProjectSection
EndProject
Project("{8BC9CEB8-8B4A-11D0-8D11-00A0C91BC942}") = "Net", "Server\Lib\Net\Net.vcxproj", "{F6FEC223-62BC-49A8-B165-A5B981124024}"
	ProjectSection(ProjectDependencies) = postProject
		{588D141B-A7E7-4210-B5F8-DBCC53D387C3} = {588D141B-A7E7-4210-B5F8-DBCC53D387C3}
		{7035EA94-3335-4FD7-A3E3-28F80CCBABBF} = {7035EA94-3335-4FD7-A3E3-28F80CCBABBF}
	EndProjectSection
EndProject
Project("{8BC9CEB8-8B4A-11D0-8D11-00A0C91BC942}") = "ServerSystem", "Server\Lib\ServerSystem\ServerSystem.vcxproj", "{9BAD071F-8327-4270-A882-5113D650E6D3}"
EndProject
Project("{2150E333-8FDC-42A3-9474-1A3956D46DE8}") = "TestApp", "TestApp", "{6C29CCE4-32A6-409C-87E1-3F76DF945F99}"
EndProject
Project("{8BC9CEB8-8B4A-11D0-8D11-00A0C91BC942}") = "DB", "Server\Lib\DB\DB.vcxproj", "{44D18223-FCDB-4525-BDD1-EF8BB2AF8B3D}"
	ProjectSection(ProjectDependencies) = postProject
		{588D141B-A7E7-4210-B5F8-DBCC53D387C3} = {588D141B-A7E7-4210-B5F8-DBCC53D387C3}
	EndProjectSection
EndProject
Project("{8BC9CEB8-8B4A-11D0-8D11-00A0C91BC942}") = "Protocol", "Server\Lib\Protocol\Protocol.vcxproj", "{7035EA94-3335-4FD7-A3E3-28F80CCBABBF}"
	ProjectSection(ProjectDependencies) = postProject
		{588D141B-A7E7-4210-B5F8-DBCC53D387C3} = {588D141B-A7E7-4210-B5F8-DBCC53D387C3}
	EndProjectSection
EndProject
Project("{2150E333-8FDC-42A3-9474-1A3956D46DE8}") = "Lib", "Lib", "{F73B8E79-7E16-4CF2-93B1-510030C43E58}"
EndProject
Project("{8BC9CEB8-8B4A-11D0-8D11-00A0C91BC942}") = "Common", "Server\Lib\Common\Common.vcxproj", "{588D141B-A7E7-4210-B5F8-DBCC53D387C3}"
EndProject
Project("{8BC9CEB8-8B4A-11D0-8D11-00A0C91BC942}") = "Table", "Server\Lib\Table\Table.vcxproj", "{FE22DD74-B69A-4D34-9C20-ED51D14CD077}"
EndProject
Project("{8BC9CEB8-8B4A-11D0-8D11-00A0C91BC942}") = "LibAutoGenerate", "Server\Lib\LibAutoGenerate\LibAutoGenerate.vcxproj", "{C79A22EB-2C00-45B9-B4A8-65B1DA546683}"
EndProject
Global
	GlobalSection(SolutionConfigurationPlatforms) = preSolution
		Debug|Any CPU = Debug|Any CPU
		Debug|Mixed Platforms = Debug|Mixed Platforms
		Debug|x64 = Debug|x64
		Debug|x86 = Debug|x86
		Release|Any CPU = Release|Any CPU
		Release|Mixed Platforms = Release|Mixed Platforms
		Release|x64 = Release|x64
		Release|x86 = Release|x86
	EndGlobalSection
	GlobalSection(ProjectConfigurationPlatforms) = postSolution
		{9868EF4C-5388-48A8-8B55-DE26A42DF66F}.Debug|Any CPU.ActiveCfg = Debug|Win32
		{9868EF4C-5388-48A8-8B55-DE26A42DF66F}.Debug|Mixed Platforms.ActiveCfg = Debug|Win32
		{9868EF4C-5388-48A8-8B55-DE26A42DF66F}.Debug|Mixed Platforms.Build.0 = Debug|Win32
		{9868EF4C-5388-48A8-8B55-DE26A42DF66F}.Debug|x64.ActiveCfg = Debug|x64
		{9868EF4C-5388-48A8-8B55-DE26A42DF66F}.Debug|x64.Build.0 = Debug|x64
		{9868EF4C-5388-48A8-8B55-DE26A42DF66F}.Debug|x86.ActiveCfg = Debug|Win32
		{9868EF4C-5388-48A8-8B55-DE26A42DF66F}.Debug|x86.Build.0 = Debug|Win32
		{9868EF4C-5388-48A8-8B55-DE26A42DF66F}.Release|Any CPU.ActiveCfg = Release|Win32
		{9868EF4C-5388-48A8-8B55-DE26A42DF66F}.Release|Mixed Platforms.ActiveCfg = Release|Win32
		{9868EF4C-5388-48A8-8B55-DE26A42DF66F}.Release|Mixed Platforms.Build.0 = Release|Win32
		{9868EF4C-5388-48A8-8B55-DE26A42DF66F}.Release|x64.ActiveCfg = Release|x64
		{9868EF4C-5388-48A8-8B55-DE26A42DF66F}.Release|x64.Build.0 = Release|x64
		{9868EF4C-5388-48A8-8B55-DE26A42DF66F}.Release|x86.ActiveCfg = Release|Win32
		{9868EF4C-5388-48A8-8B55-DE26A42DF66F}.Release|x86.Build.0 = Release|Win32
		{F6FEC223-62BC-49A8-B165-A5B981124024}.Debug|Any CPU.ActiveCfg = Debug|x64
		{F6FEC223-62BC-49A8-B165-A5B981124024}.Debug|Mixed Platforms.ActiveCfg = Debug|Win32
		{F6FEC223-62BC-49A8-B165-A5B981124024}.Debug|Mixed Platforms.Build.0 = Debug|Win32
		{F6FEC223-62BC-49A8-B165-A5B981124024}.Debug|x64.ActiveCfg = Debug|x64
		{F6FEC223-62BC-49A8-B165-A5B981124024}.Debug|x64.Build.0 = Debug|x64
		{F6FEC223-62BC-49A8-B165-A5B981124024}.Debug|x86.ActiveCfg = Debug|Win32
		{F6FEC223-62BC-49A8-B165-A5B981124024}.Debug|x86.Build.0 = Debug|Win32
		{F6FEC223-62BC-49A8-B165-A5B981124024}.Release|Any CPU.ActiveCfg = Release|Win32
		{F6FEC223-62BC-49A8-B165-A5B981124024}.Release|Mixed Platforms.ActiveCfg = Release|Win32
		{F6FEC223-62BC-49A8-B165-A5B981124024}.Release|Mixed Platforms.Build.0 = Release|Win32
		{F6FEC223-62BC-49A8-B165-A5B981124024}.Release|x64.ActiveCfg = Release|x64
		{F6FEC223-62BC-49A8-B165-A5B981124024}.Release|x64.Build.0 = Release|x64
		{F6FEC223-62BC-49A8-B165-A5B981124024}.Release|x86.ActiveCfg = Release|Win32
		{F6FEC223-62BC-49A8-B165-A5B981124024}.Release|x86.Build.0 = Release|Win32
		{9BAD071F-8327-4270-A882-5113D650E6D3}.Debug|Any CPU.ActiveCfg = Debug|x64
		{9BAD071F-8327-4270-A882-5113D650E6D3}.Debug|Mixed Platforms.ActiveCfg = Debug|Win32
		{9BAD071F-8327-4270-A882-5113D650E6D3}.Debug|Mixed Platforms.Build.0 = Debug|Win32
		{9BAD071F-8327-4270-A882-5113D650E6D3}.Debug|x64.ActiveCfg = Debug|x64
		{9BAD071F-8327-4270-A882-5113D650E6D3}.Debug|x64.Build.0 = Debug|x64
		{9BAD071F-8327-4270-A882-5113D650E6D3}.Debug|x86.ActiveCfg = Debug|Win32
		{9BAD071F-8327-4270-A882-5113D650E6D3}.Debug|x86.Build.0 = Debug|Win32
		{9BAD071F-8327-4270-A882-5113D650E6D3}.Release|Any CPU.ActiveCfg = Release|Win32
		{9BAD071F-8327-4270-A882-5113D650E6D3}.Release|Mixed Platforms.ActiveCfg = Release|Win32
		{9BAD071F-8327-4270-A882-5113D650E6D3}.Release|Mixed Platforms.Build.0 = Release|Win32
		{9BAD071F-8327-4270-A882-5113D650E6D3}.Release|x64.ActiveCfg = Release|x64
		{9BAD071F-8327-4270-A882-5113D650E6D3}.Release|x64.Build.0 = Release|x64
		{9BAD071F-8327-4270-A882-5113D650E6D3}.Release|x86.ActiveCfg = Release|Win32
		{9BAD071F-8327-4270-A882-5113D650E6D3}.Release|x86.Build.0 = Release|Win32
		{44D18223-FCDB-4525-BDD1-EF8BB2AF8B3D}.Debug|Any CPU.ActiveCfg = Debug|x64
		{44D18223-FCDB-4525-BDD1-EF8BB2AF8B3D}.Debug|Mixed Platforms.ActiveCfg = Debug|Win32
		{44D18223-FCDB-4525-BDD1-EF8BB2AF8B3D}.Debug|Mixed Platforms.Build.0 = Debug|Win32
		{44D18223-FCDB-4525-BDD1-EF8BB2AF8B3D}.Debug|x64.ActiveCfg = Debug|x64
		{44D18223-FCDB-4525-BDD1-EF8BB2AF8B3D}.Debug|x64.Build.0 = Debug|x64
		{44D18223-FCDB-4525-BDD1-EF8BB2AF8B3D}.Debug|x86.ActiveCfg = Debug|Win32
		{44D18223-FCDB-4525-BDD1-EF8BB2AF8B3D}.Debug|x86.Build.0 = Debug|Win32
		{44D18223-FCDB-4525-BDD1-EF8BB2AF8B3D}.Release|Any CPU.ActiveCfg = Release|Win32
		{44D18223-FCDB-4525-BDD1-EF8BB2AF8B3D}.Release|Mixed Platforms.ActiveCfg = Release|Win32
		{44D18223-FCDB-4525-BDD1-EF8BB2AF8B3D}.Release|Mixed Platforms.Build.0 = Release|Win32
		{44D18223-FCDB-4525-BDD1-EF8BB2AF8B3D}.Release|x64.ActiveCfg = Release|x64
		{44D18223-FCDB-4525-BDD1-EF8BB2AF8B3D}.Release|x64.Build.0 = Release|x64
		{44D18223-FCDB-4525-BDD1-EF8BB2AF8B3D}.Release|x86.ActiveCfg = Release|Win32
		{44D18223-FCDB-4525-BDD1-EF8BB2AF8B3D}.Release|x86.Build.0 = Release|Win32
		{7035EA94-3335-4FD7-A3E3-28F80CCBABBF}.Debug|Any CPU.ActiveCfg = Debug|x64
		{7035EA94-3335-4FD7-A3E3-28F80CCBABBF}.Debug|Mixed Platforms.ActiveCfg = Debug|Win32
		{7035EA94-3335-4FD7-A3E3-28F80CCBABBF}.Debug|Mixed Platforms.Build.0 = Debug|Win32
		{7035EA94-3335-4FD7-A3E3-28F80CCBABBF}.Debug|x64.ActiveCfg = Debug|x64
		{7035EA94-3335-4FD7-A3E3-28F80CCBABBF}.Debug|x64.Build.0 = Debug|x64
		{7035EA94-3335-4FD7-A3E3-28F80CCBABBF}.Debug|x86.ActiveCfg = Debug|Win32
		{7035EA94-3335-4FD7-A3E3-28F80CCBABBF}.Debug|x86.Build.0 = Debug|Win32
		{7035EA94-3335-4FD7-A3E3-28F80CCBABBF}.Release|Any CPU.ActiveCfg = Release|Win32
		{7035EA94-3335-4FD7-A3E3-28F80CCBABBF}.Release|Mixed Platforms.ActiveCfg = Release|Win32
		{7035EA94-3335-4FD7-A3E3-28F80CCBABBF}.Release|Mixed Platforms.Build.0 = Release|Win32
		{7035EA94-3335-4FD7-A3E3-28F80CCBABBF}.Release|x64.ActiveCfg = Release|x64
		{7035EA94-3335-4FD7-A3E3-28F80CCBABBF}.Release|x64.Build.0 = Release|x64
		{7035EA94-3335-4FD7-A3E3-28F80CCBABBF}.Release|x86.ActiveCfg = Release|Win32
		{7035EA94-3335-4FD7-A3E3-28F80CCBABBF}.Release|x86.Build.0 = Release|Win32
		{588D141B-A7E7-4210-B5F8-DBCC53D387C3}.Debug|Any CPU.ActiveCfg = Debug|x64
		{588D141B-A7E7-4210-B5F8-DBCC53D387C3}.Debug|Mixed Platforms.ActiveCfg = Debug|Win32
		{588D141B-A7E7-4210-B5F8-DBCC53D387C3}.Debug|Mixed Platforms.Build.0 = Debug|Win32
		{588D141B-A7E7-4210-B5F8-DBCC53D387C3}.Debug|x64.ActiveCfg = Debug|x64
		{588D141B-A7E7-4210-B5F8-DBCC53D387C3}.Debug|x64.Build.0 = Debug|x64
		{588D141B-A7E7-4210-B5F8-DBCC53D387C3}.Debug|x86.ActiveCfg = Debug|Win32
		{588D141B-A7E7-4210-B5F8-DBCC53D387C3}.Debug|x86.Build.0 = Debug|Win32
		{588D141B-A7E7-4210-B5F8-DBCC53D387C3}.Release|Any CPU.ActiveCfg = Release|Win32
		{588D141B-A7E7-4210-B5F8-DBCC53D387C3}.Release|Mixed Platforms.ActiveCfg = Release|Win32
		{588D141B-A7E7-4210-B5F8-DBCC53D387C3}.Release|Mixed Platforms.Build.0 = Release|Win32
		{588D141B-A7E7-4210-B5F8-DBCC53D387C3}.Release|x64.ActiveCfg = Release|x64
		{588D141B-A7E7-4210-B5F8-DBCC53D387C3}.Release|x64.Build.0 = Release|x64
		{588D141B-A7E7-4210-B5F8-DBCC53D387C3}.Release|x86.ActiveCfg = Release|Win32
		{588D141B-A7E7-4210-B5F8-DBCC53D387C3}.Release|x86.Build.0 = Release|Win32
		{FE22DD74-B69A-4D34-9C20-ED51D14CD077}.Debug|Any CPU.ActiveCfg = Debug|x64
		{FE22DD74-B69A-4D34-9C20-ED51D14CD077}.Debug|Mixed Platforms.ActiveCfg = Debug|Win32
		{FE22DD74-B69A-4D34-9C20-ED51D14CD077}.Debug|Mixed Platforms.Build.0 = Debug|Win32
		{FE22DD74-B69A-4D34-9C20-ED51D14CD077}.Debug|x64.ActiveCfg = Debug|x64
		{FE22DD74-B69A-4D34-9C20-ED51D14CD077}.Debug|x64.Build.0 = Debug|x64
		{FE22DD74-B69A-4D34-9C20-ED51D14CD077}.Debug|x86.ActiveCfg = Debug|Win32
		{FE22DD74-B69A-4D34-9C20-ED51D14CD077}.Debug|x86.Build.0 = Debug|Win32
		{FE22DD74-B69A-4D34-9C20-ED51D14CD077}.Release|Any CPU.ActiveCfg = Release|Win32
		{FE22DD74-B69A-4D34-9C20-ED51D14CD077}.Release|Mixed Platforms.ActiveCfg = Release|Win32
		{FE22DD74-B69A-4D34-9C20-ED51D14CD077}.Release|Mixed Platforms.Build.0 = Release|Win32
		{FE22DD74-B69A-4D34-9C20-ED51D14CD077}.Release|x64.ActiveCfg = Release|x64
		{FE22DD74-B69A-4D34-9C20-ED51D14CD077}.Release|x64.Build.0 = Release|x64
		{FE22DD74-B69A-4D34-9C20-ED51D14CD077}.Release|x86.ActiveCfg = Release|Win32
		{FE22DD74-B69A-4D34-9C20-ED51D14CD077}.Release|x86.Build.0 = Release|Win32
		{C79A22EB-2C00-45B9-B4A8-65B1DA546683}.Debug|Any CPU.ActiveCfg = Debug|Win32
		{C79A22EB-2C00-45B9-B4A8-65B1DA546683}.Debug|Mixed Platforms.ActiveCfg = Debug|Win32
		{C79A22EB-2C00-45B9-B4A8-65B1DA546683}.Debug|Mixed Platforms.Build.0 = Debug|Win32
		{C79A22EB-2C00-45B9-B4A8-65B1DA546683}.Debug|x64.ActiveCfg = Debug|x64
		{C79A22EB-2C00-45B9-B4A8-65B1DA546683}.Debug|x64.Build.0 = Debug|x64
		{C79A22EB-2C00-45B9-B4A8-65B1DA546683}.Debug|x86.ActiveCfg = Debug|Win32
		{C79A22EB-2C00-45B9-B4A8-65B1DA546683}.Debug|x86.Build.0 = Debug|Win32
		{C79A22EB-2C00-45B9-B4A8-65B1DA546683}.Release|Any CPU.ActiveCfg = Release|Win32
		{C79A22EB-2C00-45B9-B4A8-65B1DA546683}.Release|Mixed Platforms.ActiveCfg = Release|Win32
		{C79A22EB-2C00-45B9-B4A8-65B1DA546683}.Release|Mixed Platforms.Build.0 = Release|Win32
		{C79A22EB-2C00-45B9-B4A8-65B1DA546683}.Release|x64.ActiveCfg = Release|x64
		{C79A22EB-2C00-45B9-B4A8-65B1DA546683}.Release|x64.Build.0 = Release|x64
		{C79A22EB-2C00-45B9-B4A8-65B1DA546683}.Release|x86.ActiveCfg = Release|Win32
		{C79A22EB-2C00-45B9-B4A8-65B1DA546683}.Release|x86.Build.0 = Release|Win32
	EndGlobalSection
	GlobalSection(SolutionProperties) = preSolution
		HideSolutionNode = FALSE
	EndGlobalSection
	GlobalSection(NestedProjects) = preSolution
		{9868EF4C-5388-48A8-8B55-DE26A42DF66F} = {6C29CCE4-32A6-409C-87E1-3F76DF945F99}
		{F6FEC223-62BC-49A8-B165-A5B981124024} = {F73B8E79-7E16-4CF2-93B1-510030C43E58}
		{9BAD071F-8327-4270-A882-5113D650E6D3} = {F73B8E79-7E16-4CF2-93B1-510030C43E58}
		{44D18223-FCDB-4525-BDD1-EF8BB2AF8B3D} = {F73B8E79-7E16-4CF2-93B1-510030C43E58}
		{7035EA94-3335-4FD7-A3E3-28F80CCBABBF} = {F73B8E79-7E16-4CF2-93B1-510030C43E58}
		{588D141B-A7E7-4210-B5F8-DBCC53D387C3} = {F73B8E79-7E16-4CF2-93B1-510030C43E58}
		{FE22DD74-B69A-4D34-9C20-ED51D14CD077} = {F73B8E79-7E16-4CF2-93B1-510030C43E58}
		{C79A22EB-2C00-45B9-B4A8-65B1DA546683} = {F73B8E79-7E16-4CF2-93B1-510030C43E58}
	EndGlobalSection
EndGlobal
