
Microsoft Visual Studio Solution File, Format Version 12.00
# Visual Studio 14
VisualStudioVersion = 14.0.24720.0
MinimumVisualStudioVersion = 10.0.40219.1
Project("{8BC9CEB8-8B4A-11D0-8D11-00A0C91BC942}") = "Net", "Server\Lib\Net\Net.vcxproj", "{F6FEC223-62BC-49A8-B165-A5B981124024}"
	ProjectSection(ProjectDependencies) = postProject
		{7035EA94-3335-4FD7-A3E3-28F80CCBABBF} = {7035EA94-3335-4FD7-A3E3-28F80CCBABBF}
	EndProjectSection
EndProject
Project("{8BC9CEB8-8B4A-11D0-8D11-00A0C91BC942}") = "ServerSystem", "Server\Lib\ServerSystem\ServerSystem.vcxproj", "{9BAD071F-8327-4270-A882-5113D650E6D3}"
	ProjectSection(ProjectDependencies) = postProject
		{588D141B-A7E7-4210-B5F8-DBCC53D387C3} = {588D141B-A7E7-4210-B5F8-DBCC53D387C3}
		{7035EA94-3335-4FD7-A3E3-28F80CCBABBF} = {7035EA94-3335-4FD7-A3E3-28F80CCBABBF}
	EndProjectSection
EndProject
Project("{2150E333-8FDC-42A3-9474-1A3956D46DE8}") = "Lib", "Lib", "{6C29CCE4-32A6-409C-87E1-3F76DF945F99}"
EndProject
Project("{8BC9CEB8-8B4A-11D0-8D11-00A0C91BC942}") = "DB", "Server\Lib\DB\DB.vcxproj", "{44D18223-FCDB-4525-BDD1-EF8BB2AF8B3D}"
	ProjectSection(ProjectDependencies) = postProject
		{588D141B-A7E7-4210-B5F8-DBCC53D387C3} = {588D141B-A7E7-4210-B5F8-DBCC53D387C3}
	EndProjectSection
EndProject
Project("{2150E333-8FDC-42A3-9474-1A3956D46DE8}") = "Server", "Server", "{66028306-5D28-4B3E-BFD1-F7558E17F298}"
EndProject
Project("{8BC9CEB8-8B4A-11D0-8D11-00A0C91BC942}") = "EntityServer", "Server\Service\EntityServer\EntityServer.vcxproj", "{4EBBBB99-1840-4B1A-B9C5-AA2F910836D7}"
	ProjectSection(ProjectDependencies) = postProject
		{9BAD071F-8327-4270-A882-5113D650E6D3} = {9BAD071F-8327-4270-A882-5113D650E6D3}
		{44D18223-FCDB-4525-BDD1-EF8BB2AF8B3D} = {44D18223-FCDB-4525-BDD1-EF8BB2AF8B3D}
		{F6FEC223-62BC-49A8-B165-A5B981124024} = {F6FEC223-62BC-49A8-B165-A5B981124024}
		{FE22DD74-B69A-4D34-9C20-ED51D14CD077} = {FE22DD74-B69A-4D34-9C20-ED51D14CD077}
		{7035EA94-3335-4FD7-A3E3-28F80CCBABBF} = {7035EA94-3335-4FD7-A3E3-28F80CCBABBF}
	EndProjectSection
EndProject
Project("{8BC9CEB8-8B4A-11D0-8D11-00A0C91BC942}") = "Protocol", "Server\Lib\Protocol\Protocol.vcxproj", "{7035EA94-3335-4FD7-A3E3-28F80CCBABBF}"
	ProjectSection(ProjectDependencies) = postProject
		{588D141B-A7E7-4210-B5F8-DBCC53D387C3} = {588D141B-A7E7-4210-B5F8-DBCC53D387C3}
	EndProjectSection
EndProject
Project("{8BC9CEB8-8B4A-11D0-8D11-00A0C91BC942}") = "Common", "Server\Lib\Common\Common.vcxproj", "{588D141B-A7E7-4210-B5F8-DBCC53D387C3}"
EndProject
Project("{8BC9CEB8-8B4A-11D0-8D11-00A0C91BC942}") = "Table", "Server\Lib\Table\Table.vcxproj", "{FE22DD74-B69A-4D34-9C20-ED51D14CD077}"
	ProjectSection(ProjectDependencies) = postProject
		{588D141B-A7E7-4210-B5F8-DBCC53D387C3} = {588D141B-A7E7-4210-B5F8-DBCC53D387C3}
	EndProjectSection
EndProject
Project("{8BC9CEB8-8B4A-11D0-8D11-00A0C91BC942}") = "ConspiracyGameServer", "Server\Service\GameServer\GameServer.vcxproj", "{90A3CE16-19A4-4380-BBA1-878B4880F7D2}"
	ProjectSection(ProjectDependencies) = postProject
		{588D141B-A7E7-4210-B5F8-DBCC53D387C3} = {588D141B-A7E7-4210-B5F8-DBCC53D387C3}
		{9BAD071F-8327-4270-A882-5113D650E6D3} = {9BAD071F-8327-4270-A882-5113D650E6D3}
		{44D18223-FCDB-4525-BDD1-EF8BB2AF8B3D} = {44D18223-FCDB-4525-BDD1-EF8BB2AF8B3D}
		{F6FEC223-62BC-49A8-B165-A5B981124024} = {F6FEC223-62BC-49A8-B165-A5B981124024}
		{FE22DD74-B69A-4D34-9C20-ED51D14CD077} = {FE22DD74-B69A-4D34-9C20-ED51D14CD077}
	EndProjectSection
EndProject
Project("{8BC9CEB8-8B4A-11D0-8D11-00A0C91BC942}") = "ConspiracyGameInstanceServer", "Server\Service\GameInstanceServer\GameInstanceServer.vcxproj", "{85D506DC-F0BE-45A8-9D2E-899B4DD1D05F}"
	ProjectSection(ProjectDependencies) = postProject
		{9BAD071F-8327-4270-A882-5113D650E6D3} = {9BAD071F-8327-4270-A882-5113D650E6D3}
		{44D18223-FCDB-4525-BDD1-EF8BB2AF8B3D} = {44D18223-FCDB-4525-BDD1-EF8BB2AF8B3D}
		{F6FEC223-62BC-49A8-B165-A5B981124024} = {F6FEC223-62BC-49A8-B165-A5B981124024}
		{FE22DD74-B69A-4D34-9C20-ED51D14CD077} = {FE22DD74-B69A-4D34-9C20-ED51D14CD077}
	EndProjectSection
EndProject
Project("{2150E333-8FDC-42A3-9474-1A3956D46DE8}") = "Solution Items", "Solution Items", "{D980ABB1-E310-4150-9595-EA45E7668EAC}"
EndProject
Project("{2150E333-8FDC-42A3-9474-1A3956D46DE8}") = "ServiceInterface", "ServiceInterface", "{6CFAA69E-2A35-473D-9CBC-E5CAE37ABB02}"
EndProject
Project("{8BC9CEB8-8B4A-11D0-8D11-00A0C91BC942}") = "LinuxDebug", "Server\Service\LinuxDebug\LinuxDebug.vcxproj", "{3654A990-B7B6-4D25-A810-DBE779055F19}"
EndProject
Project("{8BC9CEB8-8B4A-11D0-8D11-00A0C91BC942}") = "ModuleServer", "Server\Service\ModuleServer\ModuleServer.vcxproj", "{F5EC3733-E13A-4B4A-A3C5-ABD750723B9B}"
	ProjectSection(ProjectDependencies) = postProject
		{588D141B-A7E7-4210-B5F8-DBCC53D387C3} = {588D141B-A7E7-4210-B5F8-DBCC53D387C3}
		{9BAD071F-8327-4270-A882-5113D650E6D3} = {9BAD071F-8327-4270-A882-5113D650E6D3}
		{FE22DD74-B69A-4D34-9C20-ED51D14CD077} = {FE22DD74-B69A-4D34-9C20-ED51D14CD077}
	EndProjectSection
EndProject
Project("{8BC9CEB8-8B4A-11D0-8D11-00A0C91BC942}") = "BRServerInterface", "Server\ServiceInterface\BRServerInterface\BRServerInterface.vcxproj", "{AF92BD78-62D0-42A1-A64A-8FD16A87720E}"
	ProjectSection(ProjectDependencies) = postProject
		{588D141B-A7E7-4210-B5F8-DBCC53D387C3} = {588D141B-A7E7-4210-B5F8-DBCC53D387C3}
		{9BAD071F-8327-4270-A882-5113D650E6D3} = {9BAD071F-8327-4270-A882-5113D650E6D3}
		{44D18223-FCDB-4525-BDD1-EF8BB2AF8B3D} = {44D18223-FCDB-4525-BDD1-EF8BB2AF8B3D}
		{F6FEC223-62BC-49A8-B165-A5B981124024} = {F6FEC223-62BC-49A8-B165-A5B981124024}
		{FE22DD74-B69A-4D34-9C20-ED51D14CD077} = {FE22DD74-B69A-4D34-9C20-ED51D14CD077}
		{7035EA94-3335-4FD7-A3E3-28F80CCBABBF} = {7035EA94-3335-4FD7-A3E3-28F80CCBABBF}
	EndProjectSection
EndProject
Global
	GlobalSection(SolutionConfigurationPlatforms) = preSolution
		Debug|Any CPU = Debug|Any CPU
		Debug|Mixed Platforms = Debug|Mixed Platforms
		Debug|Win32 = Debug|Win32
		Debug|x64 = Debug|x64
		Release|Any CPU = Release|Any CPU
		Release|Mixed Platforms = Release|Mixed Platforms
		Release|Win32 = Release|Win32
		Release|x64 = Release|x64
	EndGlobalSection
	GlobalSection(ProjectConfigurationPlatforms) = postSolution
		{F6FEC223-62BC-49A8-B165-A5B981124024}.Debug|Any CPU.ActiveCfg = Debug|Win32
		{F6FEC223-62BC-49A8-B165-A5B981124024}.Debug|Mixed Platforms.ActiveCfg = Debug|Win32
		{F6FEC223-62BC-49A8-B165-A5B981124024}.Debug|Mixed Platforms.Build.0 = Debug|Win32
		{F6FEC223-62BC-49A8-B165-A5B981124024}.Debug|Win32.ActiveCfg = Debug|Win32
		{F6FEC223-62BC-49A8-B165-A5B981124024}.Debug|Win32.Build.0 = Debug|Win32
		{F6FEC223-62BC-49A8-B165-A5B981124024}.Debug|x64.ActiveCfg = Debug|x64
		{F6FEC223-62BC-49A8-B165-A5B981124024}.Debug|x64.Build.0 = Debug|x64
		{F6FEC223-62BC-49A8-B165-A5B981124024}.Release|Any CPU.ActiveCfg = Release|Win32
		{F6FEC223-62BC-49A8-B165-A5B981124024}.Release|Mixed Platforms.ActiveCfg = Release|Win32
		{F6FEC223-62BC-49A8-B165-A5B981124024}.Release|Mixed Platforms.Build.0 = Release|Win32
		{F6FEC223-62BC-49A8-B165-A5B981124024}.Release|Win32.ActiveCfg = Release|Win32
		{F6FEC223-62BC-49A8-B165-A5B981124024}.Release|Win32.Build.0 = Release|Win32
		{F6FEC223-62BC-49A8-B165-A5B981124024}.Release|x64.ActiveCfg = Release|x64
		{F6FEC223-62BC-49A8-B165-A5B981124024}.Release|x64.Build.0 = Release|x64
		{9BAD071F-8327-4270-A882-5113D650E6D3}.Debug|Any CPU.ActiveCfg = Debug|Win32
		{9BAD071F-8327-4270-A882-5113D650E6D3}.Debug|Mixed Platforms.ActiveCfg = Debug|Win32
		{9BAD071F-8327-4270-A882-5113D650E6D3}.Debug|Mixed Platforms.Build.0 = Debug|Win32
		{9BAD071F-8327-4270-A882-5113D650E6D3}.Debug|Win32.ActiveCfg = Debug|Win32
		{9BAD071F-8327-4270-A882-5113D650E6D3}.Debug|Win32.Build.0 = Debug|Win32
		{9BAD071F-8327-4270-A882-5113D650E6D3}.Debug|x64.ActiveCfg = Debug|x64
		{9BAD071F-8327-4270-A882-5113D650E6D3}.Debug|x64.Build.0 = Debug|x64
		{9BAD071F-8327-4270-A882-5113D650E6D3}.Release|Any CPU.ActiveCfg = Release|Win32
		{9BAD071F-8327-4270-A882-5113D650E6D3}.Release|Mixed Platforms.ActiveCfg = Release|Win32
		{9BAD071F-8327-4270-A882-5113D650E6D3}.Release|Mixed Platforms.Build.0 = Release|Win32
		{9BAD071F-8327-4270-A882-5113D650E6D3}.Release|Win32.ActiveCfg = Release|Win32
		{9BAD071F-8327-4270-A882-5113D650E6D3}.Release|Win32.Build.0 = Release|Win32
		{9BAD071F-8327-4270-A882-5113D650E6D3}.Release|x64.ActiveCfg = Release|x64
		{9BAD071F-8327-4270-A882-5113D650E6D3}.Release|x64.Build.0 = Release|x64
		{44D18223-FCDB-4525-BDD1-EF8BB2AF8B3D}.Debug|Any CPU.ActiveCfg = Debug|Win32
		{44D18223-FCDB-4525-BDD1-EF8BB2AF8B3D}.Debug|Mixed Platforms.ActiveCfg = Debug|Win32
		{44D18223-FCDB-4525-BDD1-EF8BB2AF8B3D}.Debug|Mixed Platforms.Build.0 = Debug|Win32
		{44D18223-FCDB-4525-BDD1-EF8BB2AF8B3D}.Debug|Win32.ActiveCfg = Debug|Win32
		{44D18223-FCDB-4525-BDD1-EF8BB2AF8B3D}.Debug|Win32.Build.0 = Debug|Win32
		{44D18223-FCDB-4525-BDD1-EF8BB2AF8B3D}.Debug|x64.ActiveCfg = Debug|x64
		{44D18223-FCDB-4525-BDD1-EF8BB2AF8B3D}.Debug|x64.Build.0 = Debug|x64
		{44D18223-FCDB-4525-BDD1-EF8BB2AF8B3D}.Release|Any CPU.ActiveCfg = Release|Win32
		{44D18223-FCDB-4525-BDD1-EF8BB2AF8B3D}.Release|Mixed Platforms.ActiveCfg = Release|Win32
		{44D18223-FCDB-4525-BDD1-EF8BB2AF8B3D}.Release|Mixed Platforms.Build.0 = Release|Win32
		{44D18223-FCDB-4525-BDD1-EF8BB2AF8B3D}.Release|Win32.ActiveCfg = Release|Win32
		{44D18223-FCDB-4525-BDD1-EF8BB2AF8B3D}.Release|Win32.Build.0 = Release|Win32
		{44D18223-FCDB-4525-BDD1-EF8BB2AF8B3D}.Release|x64.ActiveCfg = Release|x64
		{44D18223-FCDB-4525-BDD1-EF8BB2AF8B3D}.Release|x64.Build.0 = Release|x64
		{4EBBBB99-1840-4B1A-B9C5-AA2F910836D7}.Debug|Any CPU.ActiveCfg = Debug|x64
		{4EBBBB99-1840-4B1A-B9C5-AA2F910836D7}.Debug|Mixed Platforms.ActiveCfg = Debug|x64
		{4EBBBB99-1840-4B1A-B9C5-AA2F910836D7}.Debug|Mixed Platforms.Build.0 = Debug|x64
		{4EBBBB99-1840-4B1A-B9C5-AA2F910836D7}.Debug|Win32.ActiveCfg = Debug|x64
		{4EBBBB99-1840-4B1A-B9C5-AA2F910836D7}.Debug|x64.ActiveCfg = Debug|x64
		{4EBBBB99-1840-4B1A-B9C5-AA2F910836D7}.Debug|x64.Build.0 = Debug|x64
		{4EBBBB99-1840-4B1A-B9C5-AA2F910836D7}.Release|Any CPU.ActiveCfg = Release|x64
		{4EBBBB99-1840-4B1A-B9C5-AA2F910836D7}.Release|Mixed Platforms.ActiveCfg = Release|x64
		{4EBBBB99-1840-4B1A-B9C5-AA2F910836D7}.Release|Mixed Platforms.Build.0 = Release|x64
		{4EBBBB99-1840-4B1A-B9C5-AA2F910836D7}.Release|Win32.ActiveCfg = Release|x64
		{4EBBBB99-1840-4B1A-B9C5-AA2F910836D7}.Release|x64.ActiveCfg = Release|x64
		{4EBBBB99-1840-4B1A-B9C5-AA2F910836D7}.Release|x64.Build.0 = Release|x64
		{7035EA94-3335-4FD7-A3E3-28F80CCBABBF}.Debug|Any CPU.ActiveCfg = Debug|Win32
		{7035EA94-3335-4FD7-A3E3-28F80CCBABBF}.Debug|Mixed Platforms.ActiveCfg = Debug|Win32
		{7035EA94-3335-4FD7-A3E3-28F80CCBABBF}.Debug|Mixed Platforms.Build.0 = Debug|Win32
		{7035EA94-3335-4FD7-A3E3-28F80CCBABBF}.Debug|Win32.ActiveCfg = Debug|Win32
		{7035EA94-3335-4FD7-A3E3-28F80CCBABBF}.Debug|Win32.Build.0 = Debug|Win32
		{7035EA94-3335-4FD7-A3E3-28F80CCBABBF}.Debug|x64.ActiveCfg = Debug|x64
		{7035EA94-3335-4FD7-A3E3-28F80CCBABBF}.Debug|x64.Build.0 = Debug|x64
		{7035EA94-3335-4FD7-A3E3-28F80CCBABBF}.Release|Any CPU.ActiveCfg = Release|Win32
		{7035EA94-3335-4FD7-A3E3-28F80CCBABBF}.Release|Mixed Platforms.ActiveCfg = Release|Win32
		{7035EA94-3335-4FD7-A3E3-28F80CCBABBF}.Release|Mixed Platforms.Build.0 = Release|Win32
		{7035EA94-3335-4FD7-A3E3-28F80CCBABBF}.Release|Win32.ActiveCfg = Release|Win32
		{7035EA94-3335-4FD7-A3E3-28F80CCBABBF}.Release|Win32.Build.0 = Release|Win32
		{7035EA94-3335-4FD7-A3E3-28F80CCBABBF}.Release|x64.ActiveCfg = Release|x64
		{7035EA94-3335-4FD7-A3E3-28F80CCBABBF}.Release|x64.Build.0 = Release|x64
		{588D141B-A7E7-4210-B5F8-DBCC53D387C3}.Debug|Any CPU.ActiveCfg = Debug|Win32
		{588D141B-A7E7-4210-B5F8-DBCC53D387C3}.Debug|Mixed Platforms.ActiveCfg = Debug|Win32
		{588D141B-A7E7-4210-B5F8-DBCC53D387C3}.Debug|Mixed Platforms.Build.0 = Debug|Win32
		{588D141B-A7E7-4210-B5F8-DBCC53D387C3}.Debug|Win32.ActiveCfg = Debug|Win32
		{588D141B-A7E7-4210-B5F8-DBCC53D387C3}.Debug|Win32.Build.0 = Debug|Win32
		{588D141B-A7E7-4210-B5F8-DBCC53D387C3}.Debug|x64.ActiveCfg = Debug|x64
		{588D141B-A7E7-4210-B5F8-DBCC53D387C3}.Debug|x64.Build.0 = Debug|x64
		{588D141B-A7E7-4210-B5F8-DBCC53D387C3}.Release|Any CPU.ActiveCfg = Release|Win32
		{588D141B-A7E7-4210-B5F8-DBCC53D387C3}.Release|Mixed Platforms.ActiveCfg = Release|Win32
		{588D141B-A7E7-4210-B5F8-DBCC53D387C3}.Release|Mixed Platforms.Build.0 = Release|Win32
		{588D141B-A7E7-4210-B5F8-DBCC53D387C3}.Release|Win32.ActiveCfg = Release|Win32
		{588D141B-A7E7-4210-B5F8-DBCC53D387C3}.Release|Win32.Build.0 = Release|Win32
		{588D141B-A7E7-4210-B5F8-DBCC53D387C3}.Release|x64.ActiveCfg = Release|x64
		{588D141B-A7E7-4210-B5F8-DBCC53D387C3}.Release|x64.Build.0 = Release|x64
		{FE22DD74-B69A-4D34-9C20-ED51D14CD077}.Debug|Any CPU.ActiveCfg = Debug|Win32
		{FE22DD74-B69A-4D34-9C20-ED51D14CD077}.Debug|Mixed Platforms.ActiveCfg = Debug|Win32
		{FE22DD74-B69A-4D34-9C20-ED51D14CD077}.Debug|Mixed Platforms.Build.0 = Debug|Win32
		{FE22DD74-B69A-4D34-9C20-ED51D14CD077}.Debug|Win32.ActiveCfg = Debug|Win32
		{FE22DD74-B69A-4D34-9C20-ED51D14CD077}.Debug|Win32.Build.0 = Debug|Win32
		{FE22DD74-B69A-4D34-9C20-ED51D14CD077}.Debug|x64.ActiveCfg = Debug|x64
		{FE22DD74-B69A-4D34-9C20-ED51D14CD077}.Debug|x64.Build.0 = Debug|x64
		{FE22DD74-B69A-4D34-9C20-ED51D14CD077}.Release|Any CPU.ActiveCfg = Release|Win32
		{FE22DD74-B69A-4D34-9C20-ED51D14CD077}.Release|Mixed Platforms.ActiveCfg = Release|Win32
		{FE22DD74-B69A-4D34-9C20-ED51D14CD077}.Release|Mixed Platforms.Build.0 = Release|Win32
		{FE22DD74-B69A-4D34-9C20-ED51D14CD077}.Release|Win32.ActiveCfg = Release|Win32
		{FE22DD74-B69A-4D34-9C20-ED51D14CD077}.Release|Win32.Build.0 = Release|Win32
		{FE22DD74-B69A-4D34-9C20-ED51D14CD077}.Release|x64.ActiveCfg = Release|x64
		{FE22DD74-B69A-4D34-9C20-ED51D14CD077}.Release|x64.Build.0 = Release|x64
		{90A3CE16-19A4-4380-BBA1-878B4880F7D2}.Debug|Any CPU.ActiveCfg = Debug|x64
		{90A3CE16-19A4-4380-BBA1-878B4880F7D2}.Debug|Mixed Platforms.ActiveCfg = Debug|x64
		{90A3CE16-19A4-4380-BBA1-878B4880F7D2}.Debug|Mixed Platforms.Build.0 = Debug|x64
		{90A3CE16-19A4-4380-BBA1-878B4880F7D2}.Debug|Win32.ActiveCfg = Debug|x64
		{90A3CE16-19A4-4380-BBA1-878B4880F7D2}.Debug|x64.ActiveCfg = Debug|x64
		{90A3CE16-19A4-4380-BBA1-878B4880F7D2}.Debug|x64.Build.0 = Debug|x64
		{90A3CE16-19A4-4380-BBA1-878B4880F7D2}.Release|Any CPU.ActiveCfg = Release|x64
		{90A3CE16-19A4-4380-BBA1-878B4880F7D2}.Release|Mixed Platforms.ActiveCfg = Release|x64
		{90A3CE16-19A4-4380-BBA1-878B4880F7D2}.Release|Mixed Platforms.Build.0 = Release|x64
		{90A3CE16-19A4-4380-BBA1-878B4880F7D2}.Release|Win32.ActiveCfg = Release|x64
		{90A3CE16-19A4-4380-BBA1-878B4880F7D2}.Release|x64.ActiveCfg = Release|x64
		{90A3CE16-19A4-4380-BBA1-878B4880F7D2}.Release|x64.Build.0 = Release|x64
		{85D506DC-F0BE-45A8-9D2E-899B4DD1D05F}.Debug|Any CPU.ActiveCfg = Debug|x64
		{85D506DC-F0BE-45A8-9D2E-899B4DD1D05F}.Debug|Mixed Platforms.ActiveCfg = Debug|x64
		{85D506DC-F0BE-45A8-9D2E-899B4DD1D05F}.Debug|Mixed Platforms.Build.0 = Debug|x64
		{85D506DC-F0BE-45A8-9D2E-899B4DD1D05F}.Debug|Win32.ActiveCfg = Debug|x64
		{85D506DC-F0BE-45A8-9D2E-899B4DD1D05F}.Debug|x64.ActiveCfg = Debug|x64
		{85D506DC-F0BE-45A8-9D2E-899B4DD1D05F}.Debug|x64.Build.0 = Debug|x64
		{85D506DC-F0BE-45A8-9D2E-899B4DD1D05F}.Release|Any CPU.ActiveCfg = Release|x64
		{85D506DC-F0BE-45A8-9D2E-899B4DD1D05F}.Release|Mixed Platforms.ActiveCfg = Release|x64
		{85D506DC-F0BE-45A8-9D2E-899B4DD1D05F}.Release|Mixed Platforms.Build.0 = Release|x64
		{85D506DC-F0BE-45A8-9D2E-899B4DD1D05F}.Release|Win32.ActiveCfg = Release|x64
		{85D506DC-F0BE-45A8-9D2E-899B4DD1D05F}.Release|x64.ActiveCfg = Release|x64
		{85D506DC-F0BE-45A8-9D2E-899B4DD1D05F}.Release|x64.Build.0 = Release|x64
		{3654A990-B7B6-4D25-A810-DBE779055F19}.Debug|Any CPU.ActiveCfg = Debug|Win32
		{3654A990-B7B6-4D25-A810-DBE779055F19}.Debug|Mixed Platforms.ActiveCfg = Debug|Win32
		{3654A990-B7B6-4D25-A810-DBE779055F19}.Debug|Mixed Platforms.Build.0 = Debug|Win32
		{3654A990-B7B6-4D25-A810-DBE779055F19}.Debug|Win32.ActiveCfg = Debug|Win32
		{3654A990-B7B6-4D25-A810-DBE779055F19}.Debug|Win32.Build.0 = Debug|Win32
		{3654A990-B7B6-4D25-A810-DBE779055F19}.Debug|x64.ActiveCfg = Debug|Win32
		{3654A990-B7B6-4D25-A810-DBE779055F19}.Release|Any CPU.ActiveCfg = Release|Win32
		{3654A990-B7B6-4D25-A810-DBE779055F19}.Release|Mixed Platforms.ActiveCfg = Release|Win32
		{3654A990-B7B6-4D25-A810-DBE779055F19}.Release|Mixed Platforms.Build.0 = Release|Win32
		{3654A990-B7B6-4D25-A810-DBE779055F19}.Release|Win32.ActiveCfg = Release|Win32
		{3654A990-B7B6-4D25-A810-DBE779055F19}.Release|Win32.Build.0 = Release|Win32
		{3654A990-B7B6-4D25-A810-DBE779055F19}.Release|x64.ActiveCfg = Release|Win32
		{F5EC3733-E13A-4B4A-A3C5-ABD750723B9B}.Debug|Any CPU.ActiveCfg = Debug|x64
		{F5EC3733-E13A-4B4A-A3C5-ABD750723B9B}.Debug|Mixed Platforms.ActiveCfg = Debug|x64
		{F5EC3733-E13A-4B4A-A3C5-ABD750723B9B}.Debug|Mixed Platforms.Build.0 = Debug|x64
		{F5EC3733-E13A-4B4A-A3C5-ABD750723B9B}.Debug|Win32.ActiveCfg = Debug|x64
		{F5EC3733-E13A-4B4A-A3C5-ABD750723B9B}.Debug|x64.ActiveCfg = Debug|x64
		{F5EC3733-E13A-4B4A-A3C5-ABD750723B9B}.Debug|x64.Build.0 = Debug|x64
		{F5EC3733-E13A-4B4A-A3C5-ABD750723B9B}.Release|Any CPU.ActiveCfg = Release|x64
		{F5EC3733-E13A-4B4A-A3C5-ABD750723B9B}.Release|Mixed Platforms.ActiveCfg = Release|x64
		{F5EC3733-E13A-4B4A-A3C5-ABD750723B9B}.Release|Mixed Platforms.Build.0 = Release|x64
		{F5EC3733-E13A-4B4A-A3C5-ABD750723B9B}.Release|Win32.ActiveCfg = Release|x64
		{F5EC3733-E13A-4B4A-A3C5-ABD750723B9B}.Release|x64.ActiveCfg = Release|x64
		{F5EC3733-E13A-4B4A-A3C5-ABD750723B9B}.Release|x64.Build.0 = Release|x64
		{AF92BD78-62D0-42A1-A64A-8FD16A87720E}.Debug|Any CPU.ActiveCfg = Debug|Win32
		{AF92BD78-62D0-42A1-A64A-8FD16A87720E}.Debug|Mixed Platforms.ActiveCfg = Debug|Win32
		{AF92BD78-62D0-42A1-A64A-8FD16A87720E}.Debug|Mixed Platforms.Build.0 = Debug|Win32
		{AF92BD78-62D0-42A1-A64A-8FD16A87720E}.Debug|Win32.ActiveCfg = Debug|Win32
		{AF92BD78-62D0-42A1-A64A-8FD16A87720E}.Debug|Win32.Build.0 = Debug|Win32
		{AF92BD78-62D0-42A1-A64A-8FD16A87720E}.Debug|x64.ActiveCfg = Debug|x64
		{AF92BD78-62D0-42A1-A64A-8FD16A87720E}.Debug|x64.Build.0 = Debug|x64
		{AF92BD78-62D0-42A1-A64A-8FD16A87720E}.Release|Any CPU.ActiveCfg = Release|Win32
		{AF92BD78-62D0-42A1-A64A-8FD16A87720E}.Release|Mixed Platforms.ActiveCfg = Release|Win32
		{AF92BD78-62D0-42A1-A64A-8FD16A87720E}.Release|Mixed Platforms.Build.0 = Release|Win32
		{AF92BD78-62D0-42A1-A64A-8FD16A87720E}.Release|Win32.ActiveCfg = Release|Win32
		{AF92BD78-62D0-42A1-A64A-8FD16A87720E}.Release|Win32.Build.0 = Release|Win32
		{AF92BD78-62D0-42A1-A64A-8FD16A87720E}.Release|x64.ActiveCfg = Release|x64
		{AF92BD78-62D0-42A1-A64A-8FD16A87720E}.Release|x64.Build.0 = Release|x64
	EndGlobalSection
	GlobalSection(SolutionProperties) = preSolution
		HideSolutionNode = FALSE
	EndGlobalSection
	GlobalSection(NestedProjects) = preSolution
		{F6FEC223-62BC-49A8-B165-A5B981124024} = {6C29CCE4-32A6-409C-87E1-3F76DF945F99}
		{9BAD071F-8327-4270-A882-5113D650E6D3} = {6C29CCE4-32A6-409C-87E1-3F76DF945F99}
		{44D18223-FCDB-4525-BDD1-EF8BB2AF8B3D} = {6C29CCE4-32A6-409C-87E1-3F76DF945F99}
		{4EBBBB99-1840-4B1A-B9C5-AA2F910836D7} = {66028306-5D28-4B3E-BFD1-F7558E17F298}
		{7035EA94-3335-4FD7-A3E3-28F80CCBABBF} = {6C29CCE4-32A6-409C-87E1-3F76DF945F99}
		{588D141B-A7E7-4210-B5F8-DBCC53D387C3} = {6C29CCE4-32A6-409C-87E1-3F76DF945F99}
		{FE22DD74-B69A-4D34-9C20-ED51D14CD077} = {6C29CCE4-32A6-409C-87E1-3F76DF945F99}
		{90A3CE16-19A4-4380-BBA1-878B4880F7D2} = {66028306-5D28-4B3E-BFD1-F7558E17F298}
		{85D506DC-F0BE-45A8-9D2E-899B4DD1D05F} = {66028306-5D28-4B3E-BFD1-F7558E17F298}
		{3654A990-B7B6-4D25-A810-DBE779055F19} = {66028306-5D28-4B3E-BFD1-F7558E17F298}
		{F5EC3733-E13A-4B4A-A3C5-ABD750723B9B} = {66028306-5D28-4B3E-BFD1-F7558E17F298}
		{AF92BD78-62D0-42A1-A64A-8FD16A87720E} = {6CFAA69E-2A35-473D-9CBC-E5CAE37ABB02}
	EndGlobalSection
EndGlobal
