
Microsoft Visual Studio Solution File, Format Version 12.00
# Visual Studio Version 16
VisualStudioVersion = 16.0.30517.126
MinimumVisualStudioVersion = 10.0.40219.1
Project("{FAE04EC0-301F-11D3-BF4B-00C04F79EFBC}") = "System.Net.FtpClient", "Tools\System.Net.FtpClient\System.Net.FtpClient.csproj", "{E963B766-56BF-4966-8917-88C1EE69D61A}"
EndProject
Project("{FAE04EC0-301F-11D3-BF4B-00C04F79EFBC}") = "BrSynchronizeFTP", "Tools\BrSynchronizeFTP\BrSynchronizeFTP.csproj", "{F5B9841C-2999-427C-BC3A-47603E1C62F1}"
EndProject
Project("{FAE04EC0-301F-11D3-BF4B-00C04F79EFBC}") = "toolLib", "Tools\toolLib\toolLib.csproj", "{20A96D9B-67CB-413A-A6CA-6D77DF4F8DFD}"
EndProject
Project("{2150E333-8FDC-42A3-9474-1A3956D46DE8}") = "ATF", "ATF", "{BE47CE3F-48EF-4D3C-8EBD-464EF9C4C8D3}"
EndProject
Project("{2150E333-8FDC-42A3-9474-1A3956D46DE8}") = "SF", "SF", "{74EE95CF-4CCD-4F5B-A233-D8DFCA8C3EAB}"
EndProject
Project("{2150E333-8FDC-42A3-9474-1A3956D46DE8}") = "Lib", "Lib", "{AC4A3357-6687-459F-8190-DAF51F8BB8D0}"
EndProject
Project("{FAE04EC0-301F-11D3-BF4B-00C04F79EFBC}") = "Atf.Atgi", "..\ATF\Framework\Atf.Atgi\Atf.Atgi.csproj", "{D1FA9A85-9359-4725-A50F-8A67A77D700C}"
EndProject
Project("{FAE04EC0-301F-11D3-BF4B-00C04F79EFBC}") = "Atf.Core", "..\ATF\Framework\Atf.Core\Atf.Core.csproj", "{9D1835B6-D1C2-44BA-BAE1-05C6EC442D2F}"
EndProject
Project("{FAE04EC0-301F-11D3-BF4B-00C04F79EFBC}") = "Atf.Gui", "..\ATF\Framework\Atf.Gui\Atf.Gui.csproj", "{4765C2A7-F989-40DB-BC12-FCD67025B93F}"
EndProject
Project("{FAE04EC0-301F-11D3-BF4B-00C04F79EFBC}") = "Atf.Gui.WinForms", "..\ATF\Framework\Atf.Gui.WinForms\Atf.Gui.WinForms.csproj", "{7C36A258-9102-420D-B80A-5EB5717644B6}"
EndProject
Project("{FAE04EC0-301F-11D3-BF4B-00C04F79EFBC}") = "Atf.IronPython", "..\ATF\Framework\Atf.IronPython\Atf.IronPython.csproj", "{7F794C24-7A8D-4D21-B443-F03509669F89}"
EndProject
Project("{FAE04EC0-301F-11D3-BF4B-00C04F79EFBC}") = "Atf.Perforce", "..\ATF\Framework\Atf.Perforce\Atf.Perforce.csproj", "{C7A306E0-32AE-4053-8882-E1A1E702C139}"
EndProject
Project("{9A19103F-16F7-4668-BE54-9A1E7A4F7556}") = "SFToolLibSharp", "..\StormForge\Tools\Src\LibSharp\SFToolLibSharp\SFToolLibSharp.csproj", "{4B5D5C7A-8B72-4C1F-BDAA-FA252BB8BE92}"
EndProject
Project("{FAE04EC0-301F-11D3-BF4B-00C04F79EFBC}") = "Atf.Gui.OpenGL", "..\ATF\Framework\Atf.Gui.OpenGL\Atf.Gui.OpenGL.csproj", "{52D35323-1AA1-4205-A1B0-26C5E5E8D543}"
EndProject
Project("{FAE04EC0-301F-11D3-BF4B-00C04F79EFBC}") = "TableBuilder", "Tools\TableBuilder\TableBuilder\TableBuilder.csproj", "{334DDBB8-21B5-41F2-8428-DAF3F4B0691B}"
EndProject
Project("{9A19103F-16F7-4668-BE54-9A1E7A4F7556}") = "SFEngineSharp", "..\StormForge\Engine\Src\SFEngineSharp\SFEngineSharp.csproj", "{3AD8FFE5-EB9C-4086-B344-AD1C15EB8856}"
EndProject
Project("{9A19103F-16F7-4668-BE54-9A1E7A4F7556}") = "BRGameSync", "Tools\BRGameSync\BRGameSync.csproj", "{2F1D05C4-1425-45F4-AC33-9B368DF48B60}"
EndProject
Project("{9A19103F-16F7-4668-BE54-9A1E7A4F7556}") = "SFCoreSharp", "..\StormForge\Engine\Src\SFCoreSharp\SFCoreSharp.csproj", "{31B8BF97-31CB-4746-8E21-6E71C390FBBA}"
EndProject
Global
	GlobalSection(SolutionConfigurationPlatforms) = preSolution
		All|Any CPU = All|Any CPU
		All|x64 = All|x64
		All|x86 = All|x86
		Debug|Any CPU = Debug|Any CPU
		Debug|x64 = Debug|x64
		Debug|x86 = Debug|x86
		Release|Any CPU = Release|Any CPU
		Release|x64 = Release|x64
		Release|x86 = Release|x86
	EndGlobalSection
	GlobalSection(ProjectConfigurationPlatforms) = postSolution
		{E963B766-56BF-4966-8917-88C1EE69D61A}.All|Any CPU.ActiveCfg = Debug|Any CPU
		{E963B766-56BF-4966-8917-88C1EE69D61A}.All|Any CPU.Build.0 = Debug|Any CPU
		{E963B766-56BF-4966-8917-88C1EE69D61A}.All|x64.ActiveCfg = Release|Any CPU
		{E963B766-56BF-4966-8917-88C1EE69D61A}.All|x64.Build.0 = Release|Any CPU
		{E963B766-56BF-4966-8917-88C1EE69D61A}.All|x86.ActiveCfg = Debug|Any CPU
		{E963B766-56BF-4966-8917-88C1EE69D61A}.All|x86.Build.0 = Debug|Any CPU
		{E963B766-56BF-4966-8917-88C1EE69D61A}.Debug|Any CPU.ActiveCfg = Debug|Any CPU
		{E963B766-56BF-4966-8917-88C1EE69D61A}.Debug|Any CPU.Build.0 = Debug|Any CPU
		{E963B766-56BF-4966-8917-88C1EE69D61A}.Debug|x64.ActiveCfg = Debug|Any CPU
		{E963B766-56BF-4966-8917-88C1EE69D61A}.Debug|x64.Build.0 = Debug|Any CPU
		{E963B766-56BF-4966-8917-88C1EE69D61A}.Debug|x86.ActiveCfg = Debug|Any CPU
		{E963B766-56BF-4966-8917-88C1EE69D61A}.Debug|x86.Build.0 = Debug|Any CPU
		{E963B766-56BF-4966-8917-88C1EE69D61A}.Release|Any CPU.ActiveCfg = Release|Any CPU
		{E963B766-56BF-4966-8917-88C1EE69D61A}.Release|Any CPU.Build.0 = Release|Any CPU
		{E963B766-56BF-4966-8917-88C1EE69D61A}.Release|x64.ActiveCfg = Release|Any CPU
		{E963B766-56BF-4966-8917-88C1EE69D61A}.Release|x64.Build.0 = Release|Any CPU
		{E963B766-56BF-4966-8917-88C1EE69D61A}.Release|x86.ActiveCfg = Release|Any CPU
		{E963B766-56BF-4966-8917-88C1EE69D61A}.Release|x86.Build.0 = Release|Any CPU
		{F5B9841C-2999-427C-BC3A-47603E1C62F1}.All|Any CPU.ActiveCfg = Debug|Any CPU
		{F5B9841C-2999-427C-BC3A-47603E1C62F1}.All|Any CPU.Build.0 = Debug|Any CPU
		{F5B9841C-2999-427C-BC3A-47603E1C62F1}.All|x64.ActiveCfg = Release|Any CPU
		{F5B9841C-2999-427C-BC3A-47603E1C62F1}.All|x64.Build.0 = Release|Any CPU
		{F5B9841C-2999-427C-BC3A-47603E1C62F1}.All|x86.ActiveCfg = Debug|Any CPU
		{F5B9841C-2999-427C-BC3A-47603E1C62F1}.All|x86.Build.0 = Debug|Any CPU
		{F5B9841C-2999-427C-BC3A-47603E1C62F1}.Debug|Any CPU.ActiveCfg = Debug|Any CPU
		{F5B9841C-2999-427C-BC3A-47603E1C62F1}.Debug|Any CPU.Build.0 = Debug|Any CPU
		{F5B9841C-2999-427C-BC3A-47603E1C62F1}.Debug|x64.ActiveCfg = Debug|Any CPU
		{F5B9841C-2999-427C-BC3A-47603E1C62F1}.Debug|x64.Build.0 = Debug|Any CPU
		{F5B9841C-2999-427C-BC3A-47603E1C62F1}.Debug|x86.ActiveCfg = Debug|Any CPU
		{F5B9841C-2999-427C-BC3A-47603E1C62F1}.Debug|x86.Build.0 = Debug|Any CPU
		{F5B9841C-2999-427C-BC3A-47603E1C62F1}.Release|Any CPU.ActiveCfg = Release|Any CPU
		{F5B9841C-2999-427C-BC3A-47603E1C62F1}.Release|Any CPU.Build.0 = Release|Any CPU
		{F5B9841C-2999-427C-BC3A-47603E1C62F1}.Release|x64.ActiveCfg = Release|Any CPU
		{F5B9841C-2999-427C-BC3A-47603E1C62F1}.Release|x64.Build.0 = Release|Any CPU
		{F5B9841C-2999-427C-BC3A-47603E1C62F1}.Release|x86.ActiveCfg = Release|Any CPU
		{F5B9841C-2999-427C-BC3A-47603E1C62F1}.Release|x86.Build.0 = Release|Any CPU
		{20A96D9B-67CB-413A-A6CA-6D77DF4F8DFD}.All|Any CPU.ActiveCfg = Debug|Any CPU
		{20A96D9B-67CB-413A-A6CA-6D77DF4F8DFD}.All|Any CPU.Build.0 = Debug|Any CPU
		{20A96D9B-67CB-413A-A6CA-6D77DF4F8DFD}.All|x64.ActiveCfg = Release|Any CPU
		{20A96D9B-67CB-413A-A6CA-6D77DF4F8DFD}.All|x64.Build.0 = Release|Any CPU
		{20A96D9B-67CB-413A-A6CA-6D77DF4F8DFD}.All|x86.ActiveCfg = Debug|Any CPU
		{20A96D9B-67CB-413A-A6CA-6D77DF4F8DFD}.All|x86.Build.0 = Debug|Any CPU
		{20A96D9B-67CB-413A-A6CA-6D77DF4F8DFD}.Debug|Any CPU.ActiveCfg = Debug|Any CPU
		{20A96D9B-67CB-413A-A6CA-6D77DF4F8DFD}.Debug|Any CPU.Build.0 = Debug|Any CPU
		{20A96D9B-67CB-413A-A6CA-6D77DF4F8DFD}.Debug|x64.ActiveCfg = Debug|Any CPU
		{20A96D9B-67CB-413A-A6CA-6D77DF4F8DFD}.Debug|x64.Build.0 = Debug|Any CPU
		{20A96D9B-67CB-413A-A6CA-6D77DF4F8DFD}.Debug|x86.ActiveCfg = Debug|Any CPU
		{20A96D9B-67CB-413A-A6CA-6D77DF4F8DFD}.Debug|x86.Build.0 = Debug|Any CPU
		{20A96D9B-67CB-413A-A6CA-6D77DF4F8DFD}.Release|Any CPU.ActiveCfg = Release|Any CPU
		{20A96D9B-67CB-413A-A6CA-6D77DF4F8DFD}.Release|Any CPU.Build.0 = Release|Any CPU
		{20A96D9B-67CB-413A-A6CA-6D77DF4F8DFD}.Release|x64.ActiveCfg = Release|Any CPU
		{20A96D9B-67CB-413A-A6CA-6D77DF4F8DFD}.Release|x64.Build.0 = Release|Any CPU
		{20A96D9B-67CB-413A-A6CA-6D77DF4F8DFD}.Release|x86.ActiveCfg = Release|Any CPU
		{20A96D9B-67CB-413A-A6CA-6D77DF4F8DFD}.Release|x86.Build.0 = Release|Any CPU
		{D1FA9A85-9359-4725-A50F-8A67A77D700C}.All|Any CPU.ActiveCfg = Debug|Any CPU
		{D1FA9A85-9359-4725-A50F-8A67A77D700C}.All|Any CPU.Build.0 = Debug|Any CPU
		{D1FA9A85-9359-4725-A50F-8A67A77D700C}.All|x64.ActiveCfg = Release|x64
		{D1FA9A85-9359-4725-A50F-8A67A77D700C}.All|x64.Build.0 = Release|x64
		{D1FA9A85-9359-4725-A50F-8A67A77D700C}.All|x86.ActiveCfg = Debug|Any CPU
		{D1FA9A85-9359-4725-A50F-8A67A77D700C}.All|x86.Build.0 = Debug|Any CPU
		{D1FA9A85-9359-4725-A50F-8A67A77D700C}.Debug|Any CPU.ActiveCfg = Debug|Any CPU
		{D1FA9A85-9359-4725-A50F-8A67A77D700C}.Debug|Any CPU.Build.0 = Debug|Any CPU
		{D1FA9A85-9359-4725-A50F-8A67A77D700C}.Debug|x64.ActiveCfg = Debug|x64
		{D1FA9A85-9359-4725-A50F-8A67A77D700C}.Debug|x64.Build.0 = Debug|x64
		{D1FA9A85-9359-4725-A50F-8A67A77D700C}.Debug|x86.ActiveCfg = Debug|Any CPU
		{D1FA9A85-9359-4725-A50F-8A67A77D700C}.Debug|x86.Build.0 = Debug|Any CPU
		{D1FA9A85-9359-4725-A50F-8A67A77D700C}.Release|Any CPU.ActiveCfg = Release|Any CPU
		{D1FA9A85-9359-4725-A50F-8A67A77D700C}.Release|Any CPU.Build.0 = Release|Any CPU
		{D1FA9A85-9359-4725-A50F-8A67A77D700C}.Release|x64.ActiveCfg = Release|x64
		{D1FA9A85-9359-4725-A50F-8A67A77D700C}.Release|x64.Build.0 = Release|x64
		{D1FA9A85-9359-4725-A50F-8A67A77D700C}.Release|x86.ActiveCfg = Release|Any CPU
		{D1FA9A85-9359-4725-A50F-8A67A77D700C}.Release|x86.Build.0 = Release|Any CPU
		{9D1835B6-D1C2-44BA-BAE1-05C6EC442D2F}.All|Any CPU.ActiveCfg = Debug|Any CPU
		{9D1835B6-D1C2-44BA-BAE1-05C6EC442D2F}.All|Any CPU.Build.0 = Debug|Any CPU
		{9D1835B6-D1C2-44BA-BAE1-05C6EC442D2F}.All|x64.ActiveCfg = Release|x64
		{9D1835B6-D1C2-44BA-BAE1-05C6EC442D2F}.All|x64.Build.0 = Release|x64
		{9D1835B6-D1C2-44BA-BAE1-05C6EC442D2F}.All|x86.ActiveCfg = Debug|Any CPU
		{9D1835B6-D1C2-44BA-BAE1-05C6EC442D2F}.All|x86.Build.0 = Debug|Any CPU
		{9D1835B6-D1C2-44BA-BAE1-05C6EC442D2F}.Debug|Any CPU.ActiveCfg = Debug|Any CPU
		{9D1835B6-D1C2-44BA-BAE1-05C6EC442D2F}.Debug|Any CPU.Build.0 = Debug|Any CPU
		{9D1835B6-D1C2-44BA-BAE1-05C6EC442D2F}.Debug|x64.ActiveCfg = Debug|x64
		{9D1835B6-D1C2-44BA-BAE1-05C6EC442D2F}.Debug|x64.Build.0 = Debug|x64
		{9D1835B6-D1C2-44BA-BAE1-05C6EC442D2F}.Debug|x86.ActiveCfg = Debug|Any CPU
		{9D1835B6-D1C2-44BA-BAE1-05C6EC442D2F}.Debug|x86.Build.0 = Debug|Any CPU
		{9D1835B6-D1C2-44BA-BAE1-05C6EC442D2F}.Release|Any CPU.ActiveCfg = Release|Any CPU
		{9D1835B6-D1C2-44BA-BAE1-05C6EC442D2F}.Release|Any CPU.Build.0 = Release|Any CPU
		{9D1835B6-D1C2-44BA-BAE1-05C6EC442D2F}.Release|x64.ActiveCfg = Release|x64
		{9D1835B6-D1C2-44BA-BAE1-05C6EC442D2F}.Release|x64.Build.0 = Release|x64
		{9D1835B6-D1C2-44BA-BAE1-05C6EC442D2F}.Release|x86.ActiveCfg = Release|Any CPU
		{9D1835B6-D1C2-44BA-BAE1-05C6EC442D2F}.Release|x86.Build.0 = Release|Any CPU
		{4765C2A7-F989-40DB-BC12-FCD67025B93F}.All|Any CPU.ActiveCfg = Debug|Any CPU
		{4765C2A7-F989-40DB-BC12-FCD67025B93F}.All|Any CPU.Build.0 = Debug|Any CPU
		{4765C2A7-F989-40DB-BC12-FCD67025B93F}.All|x64.ActiveCfg = Release|x64
		{4765C2A7-F989-40DB-BC12-FCD67025B93F}.All|x64.Build.0 = Release|x64
		{4765C2A7-F989-40DB-BC12-FCD67025B93F}.All|x86.ActiveCfg = Debug|Any CPU
		{4765C2A7-F989-40DB-BC12-FCD67025B93F}.All|x86.Build.0 = Debug|Any CPU
		{4765C2A7-F989-40DB-BC12-FCD67025B93F}.Debug|Any CPU.ActiveCfg = Debug|Any CPU
		{4765C2A7-F989-40DB-BC12-FCD67025B93F}.Debug|Any CPU.Build.0 = Debug|Any CPU
		{4765C2A7-F989-40DB-BC12-FCD67025B93F}.Debug|x64.ActiveCfg = Debug|x64
		{4765C2A7-F989-40DB-BC12-FCD67025B93F}.Debug|x64.Build.0 = Debug|x64
		{4765C2A7-F989-40DB-BC12-FCD67025B93F}.Debug|x86.ActiveCfg = Debug|Any CPU
		{4765C2A7-F989-40DB-BC12-FCD67025B93F}.Debug|x86.Build.0 = Debug|Any CPU
		{4765C2A7-F989-40DB-BC12-FCD67025B93F}.Release|Any CPU.ActiveCfg = Release|Any CPU
		{4765C2A7-F989-40DB-BC12-FCD67025B93F}.Release|Any CPU.Build.0 = Release|Any CPU
		{4765C2A7-F989-40DB-BC12-FCD67025B93F}.Release|x64.ActiveCfg = Release|x64
		{4765C2A7-F989-40DB-BC12-FCD67025B93F}.Release|x64.Build.0 = Release|x64
		{4765C2A7-F989-40DB-BC12-FCD67025B93F}.Release|x86.ActiveCfg = Release|Any CPU
		{4765C2A7-F989-40DB-BC12-FCD67025B93F}.Release|x86.Build.0 = Release|Any CPU
		{7C36A258-9102-420D-B80A-5EB5717644B6}.All|Any CPU.ActiveCfg = Debug|Any CPU
		{7C36A258-9102-420D-B80A-5EB5717644B6}.All|Any CPU.Build.0 = Debug|Any CPU
		{7C36A258-9102-420D-B80A-5EB5717644B6}.All|x64.ActiveCfg = Release|x64
		{7C36A258-9102-420D-B80A-5EB5717644B6}.All|x64.Build.0 = Release|x64
		{7C36A258-9102-420D-B80A-5EB5717644B6}.All|x86.ActiveCfg = Debug|Any CPU
		{7C36A258-9102-420D-B80A-5EB5717644B6}.All|x86.Build.0 = Debug|Any CPU
		{7C36A258-9102-420D-B80A-5EB5717644B6}.Debug|Any CPU.ActiveCfg = Debug|Any CPU
		{7C36A258-9102-420D-B80A-5EB5717644B6}.Debug|Any CPU.Build.0 = Debug|Any CPU
		{7C36A258-9102-420D-B80A-5EB5717644B6}.Debug|x64.ActiveCfg = Debug|x64
		{7C36A258-9102-420D-B80A-5EB5717644B6}.Debug|x64.Build.0 = Debug|x64
		{7C36A258-9102-420D-B80A-5EB5717644B6}.Debug|x86.ActiveCfg = Debug|Any CPU
		{7C36A258-9102-420D-B80A-5EB5717644B6}.Debug|x86.Build.0 = Debug|Any CPU
		{7C36A258-9102-420D-B80A-5EB5717644B6}.Release|Any CPU.ActiveCfg = Release|Any CPU
		{7C36A258-9102-420D-B80A-5EB5717644B6}.Release|Any CPU.Build.0 = Release|Any CPU
		{7C36A258-9102-420D-B80A-5EB5717644B6}.Release|x64.ActiveCfg = Release|x64
		{7C36A258-9102-420D-B80A-5EB5717644B6}.Release|x64.Build.0 = Release|x64
		{7C36A258-9102-420D-B80A-5EB5717644B6}.Release|x86.ActiveCfg = Release|Any CPU
		{7C36A258-9102-420D-B80A-5EB5717644B6}.Release|x86.Build.0 = Release|Any CPU
		{7F794C24-7A8D-4D21-B443-F03509669F89}.All|Any CPU.ActiveCfg = Debug|Any CPU
		{7F794C24-7A8D-4D21-B443-F03509669F89}.All|Any CPU.Build.0 = Debug|Any CPU
		{7F794C24-7A8D-4D21-B443-F03509669F89}.All|x64.ActiveCfg = Release|x64
		{7F794C24-7A8D-4D21-B443-F03509669F89}.All|x64.Build.0 = Release|x64
		{7F794C24-7A8D-4D21-B443-F03509669F89}.All|x86.ActiveCfg = Debug|Any CPU
		{7F794C24-7A8D-4D21-B443-F03509669F89}.All|x86.Build.0 = Debug|Any CPU
		{7F794C24-7A8D-4D21-B443-F03509669F89}.Debug|Any CPU.ActiveCfg = Debug|Any CPU
		{7F794C24-7A8D-4D21-B443-F03509669F89}.Debug|Any CPU.Build.0 = Debug|Any CPU
		{7F794C24-7A8D-4D21-B443-F03509669F89}.Debug|x64.ActiveCfg = Debug|x64
		{7F794C24-7A8D-4D21-B443-F03509669F89}.Debug|x64.Build.0 = Debug|x64
		{7F794C24-7A8D-4D21-B443-F03509669F89}.Debug|x86.ActiveCfg = Debug|Any CPU
		{7F794C24-7A8D-4D21-B443-F03509669F89}.Debug|x86.Build.0 = Debug|Any CPU
		{7F794C24-7A8D-4D21-B443-F03509669F89}.Release|Any CPU.ActiveCfg = Release|Any CPU
		{7F794C24-7A8D-4D21-B443-F03509669F89}.Release|Any CPU.Build.0 = Release|Any CPU
		{7F794C24-7A8D-4D21-B443-F03509669F89}.Release|x64.ActiveCfg = Release|x64
		{7F794C24-7A8D-4D21-B443-F03509669F89}.Release|x64.Build.0 = Release|x64
		{7F794C24-7A8D-4D21-B443-F03509669F89}.Release|x86.ActiveCfg = Release|Any CPU
		{7F794C24-7A8D-4D21-B443-F03509669F89}.Release|x86.Build.0 = Release|Any CPU
		{C7A306E0-32AE-4053-8882-E1A1E702C139}.All|Any CPU.ActiveCfg = Debug|x64
		{C7A306E0-32AE-4053-8882-E1A1E702C139}.All|Any CPU.Build.0 = Debug|x64
		{C7A306E0-32AE-4053-8882-E1A1E702C139}.All|x64.ActiveCfg = Release|x64
		{C7A306E0-32AE-4053-8882-E1A1E702C139}.All|x64.Build.0 = Release|x64
		{C7A306E0-32AE-4053-8882-E1A1E702C139}.All|x86.ActiveCfg = Debug|x86
		{C7A306E0-32AE-4053-8882-E1A1E702C139}.All|x86.Build.0 = Debug|x86
		{C7A306E0-32AE-4053-8882-E1A1E702C139}.Debug|Any CPU.ActiveCfg = Debug|x86
		{C7A306E0-32AE-4053-8882-E1A1E702C139}.Debug|x64.ActiveCfg = Debug|x64
		{C7A306E0-32AE-4053-8882-E1A1E702C139}.Debug|x64.Build.0 = Debug|x64
		{C7A306E0-32AE-4053-8882-E1A1E702C139}.Debug|x86.ActiveCfg = Debug|x86
		{C7A306E0-32AE-4053-8882-E1A1E702C139}.Debug|x86.Build.0 = Debug|x86
		{C7A306E0-32AE-4053-8882-E1A1E702C139}.Release|Any CPU.ActiveCfg = Release|x86
		{C7A306E0-32AE-4053-8882-E1A1E702C139}.Release|x64.ActiveCfg = Release|x64
		{C7A306E0-32AE-4053-8882-E1A1E702C139}.Release|x64.Build.0 = Release|x64
		{C7A306E0-32AE-4053-8882-E1A1E702C139}.Release|x86.ActiveCfg = Release|x86
		{C7A306E0-32AE-4053-8882-E1A1E702C139}.Release|x86.Build.0 = Release|x86
		{4B5D5C7A-8B72-4C1F-BDAA-FA252BB8BE92}.All|Any CPU.ActiveCfg = Debug|Any CPU
		{4B5D5C7A-8B72-4C1F-BDAA-FA252BB8BE92}.All|Any CPU.Build.0 = Debug|Any CPU
		{4B5D5C7A-8B72-4C1F-BDAA-FA252BB8BE92}.All|x64.ActiveCfg = Release|x64
		{4B5D5C7A-8B72-4C1F-BDAA-FA252BB8BE92}.All|x64.Build.0 = Release|x64
		{4B5D5C7A-8B72-4C1F-BDAA-FA252BB8BE92}.All|x86.ActiveCfg = Debug|Any CPU
		{4B5D5C7A-8B72-4C1F-BDAA-FA252BB8BE92}.All|x86.Build.0 = Debug|Any CPU
		{4B5D5C7A-8B72-4C1F-BDAA-FA252BB8BE92}.Debug|Any CPU.ActiveCfg = Debug|Any CPU
		{4B5D5C7A-8B72-4C1F-BDAA-FA252BB8BE92}.Debug|Any CPU.Build.0 = Debug|Any CPU
		{4B5D5C7A-8B72-4C1F-BDAA-FA252BB8BE92}.Debug|x64.ActiveCfg = Debug|x64
		{4B5D5C7A-8B72-4C1F-BDAA-FA252BB8BE92}.Debug|x64.Build.0 = Debug|x64
		{4B5D5C7A-8B72-4C1F-BDAA-FA252BB8BE92}.Debug|x86.ActiveCfg = Debug|Any CPU
		{4B5D5C7A-8B72-4C1F-BDAA-FA252BB8BE92}.Debug|x86.Build.0 = Debug|Any CPU
		{4B5D5C7A-8B72-4C1F-BDAA-FA252BB8BE92}.Release|Any CPU.ActiveCfg = Release|Any CPU
		{4B5D5C7A-8B72-4C1F-BDAA-FA252BB8BE92}.Release|Any CPU.Build.0 = Release|Any CPU
		{4B5D5C7A-8B72-4C1F-BDAA-FA252BB8BE92}.Release|x64.ActiveCfg = Release|x64
		{4B5D5C7A-8B72-4C1F-BDAA-FA252BB8BE92}.Release|x64.Build.0 = Release|x64
		{4B5D5C7A-8B72-4C1F-BDAA-FA252BB8BE92}.Release|x86.ActiveCfg = Release|Any CPU
		{4B5D5C7A-8B72-4C1F-BDAA-FA252BB8BE92}.Release|x86.Build.0 = Release|Any CPU
		{52D35323-1AA1-4205-A1B0-26C5E5E8D543}.All|Any CPU.ActiveCfg = Release|Any CPU
		{52D35323-1AA1-4205-A1B0-26C5E5E8D543}.All|Any CPU.Build.0 = Release|Any CPU
		{52D35323-1AA1-4205-A1B0-26C5E5E8D543}.All|x64.ActiveCfg = Release|x64
		{52D35323-1AA1-4205-A1B0-26C5E5E8D543}.All|x64.Build.0 = Release|x64
		{52D35323-1AA1-4205-A1B0-26C5E5E8D543}.All|x86.ActiveCfg = Release|x86
		{52D35323-1AA1-4205-A1B0-26C5E5E8D543}.All|x86.Build.0 = Release|x86
		{52D35323-1AA1-4205-A1B0-26C5E5E8D543}.Debug|Any CPU.ActiveCfg = Debug|Any CPU
		{52D35323-1AA1-4205-A1B0-26C5E5E8D543}.Debug|Any CPU.Build.0 = Debug|Any CPU
		{52D35323-1AA1-4205-A1B0-26C5E5E8D543}.Debug|x64.ActiveCfg = Debug|x64
		{52D35323-1AA1-4205-A1B0-26C5E5E8D543}.Debug|x64.Build.0 = Debug|x64
		{52D35323-1AA1-4205-A1B0-26C5E5E8D543}.Debug|x86.ActiveCfg = Debug|x86
		{52D35323-1AA1-4205-A1B0-26C5E5E8D543}.Debug|x86.Build.0 = Debug|x86
		{52D35323-1AA1-4205-A1B0-26C5E5E8D543}.Release|Any CPU.ActiveCfg = Release|Any CPU
		{52D35323-1AA1-4205-A1B0-26C5E5E8D543}.Release|Any CPU.Build.0 = Release|Any CPU
		{52D35323-1AA1-4205-A1B0-26C5E5E8D543}.Release|x64.ActiveCfg = Release|x64
		{52D35323-1AA1-4205-A1B0-26C5E5E8D543}.Release|x64.Build.0 = Release|x64
		{52D35323-1AA1-4205-A1B0-26C5E5E8D543}.Release|x86.ActiveCfg = Release|x86
		{52D35323-1AA1-4205-A1B0-26C5E5E8D543}.Release|x86.Build.0 = Release|x86
		{334DDBB8-21B5-41F2-8428-DAF3F4B0691B}.All|Any CPU.ActiveCfg = Debug|Any CPU
		{334DDBB8-21B5-41F2-8428-DAF3F4B0691B}.All|Any CPU.Build.0 = Debug|Any CPU
		{334DDBB8-21B5-41F2-8428-DAF3F4B0691B}.All|x64.ActiveCfg = Debug|Any CPU
		{334DDBB8-21B5-41F2-8428-DAF3F4B0691B}.All|x64.Build.0 = Debug|Any CPU
		{334DDBB8-21B5-41F2-8428-DAF3F4B0691B}.All|x86.ActiveCfg = Debug|Any CPU
		{334DDBB8-21B5-41F2-8428-DAF3F4B0691B}.All|x86.Build.0 = Debug|Any CPU
		{334DDBB8-21B5-41F2-8428-DAF3F4B0691B}.Debug|Any CPU.ActiveCfg = Debug|Any CPU
		{334DDBB8-21B5-41F2-8428-DAF3F4B0691B}.Debug|Any CPU.Build.0 = Debug|Any CPU
		{334DDBB8-21B5-41F2-8428-DAF3F4B0691B}.Debug|x64.ActiveCfg = Debug|Any CPU
		{334DDBB8-21B5-41F2-8428-DAF3F4B0691B}.Debug|x64.Build.0 = Debug|Any CPU
		{334DDBB8-21B5-41F2-8428-DAF3F4B0691B}.Debug|x86.ActiveCfg = Debug|Any CPU
		{334DDBB8-21B5-41F2-8428-DAF3F4B0691B}.Debug|x86.Build.0 = Debug|Any CPU
		{334DDBB8-21B5-41F2-8428-DAF3F4B0691B}.Release|Any CPU.ActiveCfg = Release|Any CPU
		{334DDBB8-21B5-41F2-8428-DAF3F4B0691B}.Release|Any CPU.Build.0 = Release|Any CPU
		{334DDBB8-21B5-41F2-8428-DAF3F4B0691B}.Release|x64.ActiveCfg = Release|Any CPU
		{334DDBB8-21B5-41F2-8428-DAF3F4B0691B}.Release|x64.Build.0 = Release|Any CPU
		{334DDBB8-21B5-41F2-8428-DAF3F4B0691B}.Release|x86.ActiveCfg = Release|Any CPU
		{334DDBB8-21B5-41F2-8428-DAF3F4B0691B}.Release|x86.Build.0 = Release|Any CPU
		{3AD8FFE5-EB9C-4086-B344-AD1C15EB8856}.All|Any CPU.ActiveCfg = Debug|Any CPU
		{3AD8FFE5-EB9C-4086-B344-AD1C15EB8856}.All|Any CPU.Build.0 = Debug|Any CPU
		{3AD8FFE5-EB9C-4086-B344-AD1C15EB8856}.All|x64.ActiveCfg = Debug|x64
		{3AD8FFE5-EB9C-4086-B344-AD1C15EB8856}.All|x64.Build.0 = Debug|x64
		{3AD8FFE5-EB9C-4086-B344-AD1C15EB8856}.All|x86.ActiveCfg = Debug|Any CPU
		{3AD8FFE5-EB9C-4086-B344-AD1C15EB8856}.All|x86.Build.0 = Debug|Any CPU
		{3AD8FFE5-EB9C-4086-B344-AD1C15EB8856}.Debug|Any CPU.ActiveCfg = Debug|Any CPU
		{3AD8FFE5-EB9C-4086-B344-AD1C15EB8856}.Debug|Any CPU.Build.0 = Debug|Any CPU
		{3AD8FFE5-EB9C-4086-B344-AD1C15EB8856}.Debug|x64.ActiveCfg = Debug|x64
		{3AD8FFE5-EB9C-4086-B344-AD1C15EB8856}.Debug|x64.Build.0 = Debug|x64
		{3AD8FFE5-EB9C-4086-B344-AD1C15EB8856}.Debug|x86.ActiveCfg = Debug|Any CPU
		{3AD8FFE5-EB9C-4086-B344-AD1C15EB8856}.Debug|x86.Build.0 = Debug|Any CPU
		{3AD8FFE5-EB9C-4086-B344-AD1C15EB8856}.Release|Any CPU.ActiveCfg = Release|Any CPU
		{3AD8FFE5-EB9C-4086-B344-AD1C15EB8856}.Release|Any CPU.Build.0 = Release|Any CPU
		{3AD8FFE5-EB9C-4086-B344-AD1C15EB8856}.Release|x64.ActiveCfg = Release|x64
		{3AD8FFE5-EB9C-4086-B344-AD1C15EB8856}.Release|x64.Build.0 = Release|x64
		{3AD8FFE5-EB9C-4086-B344-AD1C15EB8856}.Release|x86.ActiveCfg = Release|Any CPU
		{3AD8FFE5-EB9C-4086-B344-AD1C15EB8856}.Release|x86.Build.0 = Release|Any CPU
		{2F1D05C4-1425-45F4-AC33-9B368DF48B60}.All|Any CPU.ActiveCfg = Debug|Any CPU
		{2F1D05C4-1425-45F4-AC33-9B368DF48B60}.All|Any CPU.Build.0 = Debug|Any CPU
		{2F1D05C4-1425-45F4-AC33-9B368DF48B60}.All|x64.ActiveCfg = Debug|Any CPU
		{2F1D05C4-1425-45F4-AC33-9B368DF48B60}.All|x64.Build.0 = Debug|Any CPU
		{2F1D05C4-1425-45F4-AC33-9B368DF48B60}.All|x86.ActiveCfg = Debug|Any CPU
		{2F1D05C4-1425-45F4-AC33-9B368DF48B60}.All|x86.Build.0 = Debug|Any CPU
		{2F1D05C4-1425-45F4-AC33-9B368DF48B60}.Debug|Any CPU.ActiveCfg = Debug|Any CPU
		{2F1D05C4-1425-45F4-AC33-9B368DF48B60}.Debug|Any CPU.Build.0 = Debug|Any CPU
		{2F1D05C4-1425-45F4-AC33-9B368DF48B60}.Debug|x64.ActiveCfg = Debug|x64
		{2F1D05C4-1425-45F4-AC33-9B368DF48B60}.Debug|x64.Build.0 = Debug|x64
		{2F1D05C4-1425-45F4-AC33-9B368DF48B60}.Debug|x86.ActiveCfg = Debug|Any CPU
		{2F1D05C4-1425-45F4-AC33-9B368DF48B60}.Debug|x86.Build.0 = Debug|Any CPU
		{2F1D05C4-1425-45F4-AC33-9B368DF48B60}.Release|Any CPU.ActiveCfg = Release|Any CPU
		{2F1D05C4-1425-45F4-AC33-9B368DF48B60}.Release|Any CPU.Build.0 = Release|Any CPU
		{2F1D05C4-1425-45F4-AC33-9B368DF48B60}.Release|x64.ActiveCfg = Release|Any CPU
		{2F1D05C4-1425-45F4-AC33-9B368DF48B60}.Release|x64.Build.0 = Release|Any CPU
		{2F1D05C4-1425-45F4-AC33-9B368DF48B60}.Release|x86.ActiveCfg = Release|Any CPU
		{2F1D05C4-1425-45F4-AC33-9B368DF48B60}.Release|x86.Build.0 = Release|Any CPU
		{31B8BF97-31CB-4746-8E21-6E71C390FBBA}.All|Any CPU.ActiveCfg = Debug|Any CPU
		{31B8BF97-31CB-4746-8E21-6E71C390FBBA}.All|Any CPU.Build.0 = Debug|Any CPU
		{31B8BF97-31CB-4746-8E21-6E71C390FBBA}.All|x64.ActiveCfg = Debug|Any CPU
		{31B8BF97-31CB-4746-8E21-6E71C390FBBA}.All|x64.Build.0 = Debug|Any CPU
		{31B8BF97-31CB-4746-8E21-6E71C390FBBA}.All|x86.ActiveCfg = Debug|Any CPU
		{31B8BF97-31CB-4746-8E21-6E71C390FBBA}.All|x86.Build.0 = Debug|Any CPU
		{31B8BF97-31CB-4746-8E21-6E71C390FBBA}.Debug|Any CPU.ActiveCfg = Debug|Any CPU
		{31B8BF97-31CB-4746-8E21-6E71C390FBBA}.Debug|Any CPU.Build.0 = Debug|Any CPU
		{31B8BF97-31CB-4746-8E21-6E71C390FBBA}.Debug|x64.ActiveCfg = Debug|x64
		{31B8BF97-31CB-4746-8E21-6E71C390FBBA}.Debug|x64.Build.0 = Debug|x64
		{31B8BF97-31CB-4746-8E21-6E71C390FBBA}.Debug|x86.ActiveCfg = Debug|Any CPU
		{31B8BF97-31CB-4746-8E21-6E71C390FBBA}.Debug|x86.Build.0 = Debug|Any CPU
		{31B8BF97-31CB-4746-8E21-6E71C390FBBA}.Release|Any CPU.ActiveCfg = Release|Any CPU
		{31B8BF97-31CB-4746-8E21-6E71C390FBBA}.Release|Any CPU.Build.0 = Release|Any CPU
		{31B8BF97-31CB-4746-8E21-6E71C390FBBA}.Release|x64.ActiveCfg = Release|Any CPU
		{31B8BF97-31CB-4746-8E21-6E71C390FBBA}.Release|x64.Build.0 = Release|Any CPU
		{31B8BF97-31CB-4746-8E21-6E71C390FBBA}.Release|x86.ActiveCfg = Release|Any CPU
		{31B8BF97-31CB-4746-8E21-6E71C390FBBA}.Release|x86.Build.0 = Release|Any CPU
	EndGlobalSection
	GlobalSection(SolutionProperties) = preSolution
		HideSolutionNode = FALSE
	EndGlobalSection
	GlobalSection(NestedProjects) = preSolution
		{E963B766-56BF-4966-8917-88C1EE69D61A} = {AC4A3357-6687-459F-8190-DAF51F8BB8D0}
		{20A96D9B-67CB-413A-A6CA-6D77DF4F8DFD} = {AC4A3357-6687-459F-8190-DAF51F8BB8D0}
		{D1FA9A85-9359-4725-A50F-8A67A77D700C} = {BE47CE3F-48EF-4D3C-8EBD-464EF9C4C8D3}
		{9D1835B6-D1C2-44BA-BAE1-05C6EC442D2F} = {BE47CE3F-48EF-4D3C-8EBD-464EF9C4C8D3}
		{4765C2A7-F989-40DB-BC12-FCD67025B93F} = {BE47CE3F-48EF-4D3C-8EBD-464EF9C4C8D3}
		{7C36A258-9102-420D-B80A-5EB5717644B6} = {BE47CE3F-48EF-4D3C-8EBD-464EF9C4C8D3}
		{7F794C24-7A8D-4D21-B443-F03509669F89} = {BE47CE3F-48EF-4D3C-8EBD-464EF9C4C8D3}
		{C7A306E0-32AE-4053-8882-E1A1E702C139} = {BE47CE3F-48EF-4D3C-8EBD-464EF9C4C8D3}
		{4B5D5C7A-8B72-4C1F-BDAA-FA252BB8BE92} = {74EE95CF-4CCD-4F5B-A233-D8DFCA8C3EAB}
		{52D35323-1AA1-4205-A1B0-26C5E5E8D543} = {BE47CE3F-48EF-4D3C-8EBD-464EF9C4C8D3}
		{3AD8FFE5-EB9C-4086-B344-AD1C15EB8856} = {74EE95CF-4CCD-4F5B-A233-D8DFCA8C3EAB}
		{31B8BF97-31CB-4746-8E21-6E71C390FBBA} = {74EE95CF-4CCD-4F5B-A233-D8DFCA8C3EAB}
	EndGlobalSection
	GlobalSection(ExtensibilityGlobals) = postSolution
		SolutionGuid = {85368944-CE54-467E-827C-008A69636F9D}
	EndGlobalSection
EndGlobal
