
Microsoft Visual Studio Solution File, Format Version 12.00
# Visual Studio 15
VisualStudioVersion = 15.0.28010.0
MinimumVisualStudioVersion = 10.0.40219.1
Project("{FAE04EC0-301F-11D3-BF4B-00C04F79EFBC}") = "System.Net.FtpClient", "Tools\System.Net.FtpClient\System.Net.FtpClient.csproj", "{E963B766-56BF-4966-8917-88C1EE69D61A}"
EndProject
Project("{FAE04EC0-301F-11D3-BF4B-00C04F79EFBC}") = "BrSynchronizeFTP", "Tools\BrSynchronizeFTP\BrSynchronizeFTP.csproj", "{F5B9841C-2999-427C-BC3A-47603E1C62F1}"
EndProject
Project("{FAE04EC0-301F-11D3-BF4B-00C04F79EFBC}") = "toolLib", "Tools\toolLib\toolLib.csproj", "{20A96D9B-67CB-413A-A6CA-6D77DF4F8DFD}"
EndProject
Global
	GlobalSection(SolutionConfigurationPlatforms) = preSolution
		All|Any CPU = All|Any CPU
		All|Mixed Platforms = All|Mixed Platforms
		All|Win32 = All|Win32
		All|x64 = All|x64
		All|x86 = All|x86
		Debug|Any CPU = Debug|Any CPU
		Debug|Mixed Platforms = Debug|Mixed Platforms
		Debug|Win32 = Debug|Win32
		Debug|x64 = Debug|x64
		Debug|x86 = Debug|x86
		Release|Any CPU = Release|Any CPU
		Release|Mixed Platforms = Release|Mixed Platforms
		Release|Win32 = Release|Win32
		Release|x64 = Release|x64
		Release|x86 = Release|x86
	EndGlobalSection
	GlobalSection(ProjectConfigurationPlatforms) = postSolution
		{E963B766-56BF-4966-8917-88C1EE69D61A}.All|Any CPU.ActiveCfg = Release|Any CPU
		{E963B766-56BF-4966-8917-88C1EE69D61A}.All|Any CPU.Build.0 = Release|Any CPU
		{E963B766-56BF-4966-8917-88C1EE69D61A}.All|Mixed Platforms.ActiveCfg = Release|Any CPU
		{E963B766-56BF-4966-8917-88C1EE69D61A}.All|Mixed Platforms.Build.0 = Release|Any CPU
		{E963B766-56BF-4966-8917-88C1EE69D61A}.All|Win32.ActiveCfg = Release|Any CPU
		{E963B766-56BF-4966-8917-88C1EE69D61A}.All|Win32.Build.0 = Release|Any CPU
		{E963B766-56BF-4966-8917-88C1EE69D61A}.All|x64.ActiveCfg = Release|Any CPU
		{E963B766-56BF-4966-8917-88C1EE69D61A}.All|x64.Build.0 = Release|Any CPU
		{E963B766-56BF-4966-8917-88C1EE69D61A}.All|x86.ActiveCfg = Release|Any CPU
		{E963B766-56BF-4966-8917-88C1EE69D61A}.All|x86.Build.0 = Release|Any CPU
		{E963B766-56BF-4966-8917-88C1EE69D61A}.Debug|Any CPU.ActiveCfg = Debug|Any CPU
		{E963B766-56BF-4966-8917-88C1EE69D61A}.Debug|Any CPU.Build.0 = Debug|Any CPU
		{E963B766-56BF-4966-8917-88C1EE69D61A}.Debug|Mixed Platforms.ActiveCfg = Debug|Any CPU
		{E963B766-56BF-4966-8917-88C1EE69D61A}.Debug|Mixed Platforms.Build.0 = Debug|Any CPU
		{E963B766-56BF-4966-8917-88C1EE69D61A}.Debug|Win32.ActiveCfg = Debug|Any CPU
		{E963B766-56BF-4966-8917-88C1EE69D61A}.Debug|Win32.Build.0 = Debug|Any CPU
		{E963B766-56BF-4966-8917-88C1EE69D61A}.Debug|x64.ActiveCfg = Debug|Any CPU
		{E963B766-56BF-4966-8917-88C1EE69D61A}.Debug|x64.Build.0 = Debug|Any CPU
		{E963B766-56BF-4966-8917-88C1EE69D61A}.Debug|x86.ActiveCfg = Debug|Any CPU
		{E963B766-56BF-4966-8917-88C1EE69D61A}.Debug|x86.Build.0 = Debug|Any CPU
		{E963B766-56BF-4966-8917-88C1EE69D61A}.Release|Any CPU.ActiveCfg = Release|Any CPU
		{E963B766-56BF-4966-8917-88C1EE69D61A}.Release|Any CPU.Build.0 = Release|Any CPU
		{E963B766-56BF-4966-8917-88C1EE69D61A}.Release|Mixed Platforms.ActiveCfg = Release|Any CPU
		{E963B766-56BF-4966-8917-88C1EE69D61A}.Release|Mixed Platforms.Build.0 = Release|Any CPU
		{E963B766-56BF-4966-8917-88C1EE69D61A}.Release|Win32.ActiveCfg = Release|Any CPU
		{E963B766-56BF-4966-8917-88C1EE69D61A}.Release|Win32.Build.0 = Release|Any CPU
		{E963B766-56BF-4966-8917-88C1EE69D61A}.Release|x64.ActiveCfg = Release|Any CPU
		{E963B766-56BF-4966-8917-88C1EE69D61A}.Release|x64.Build.0 = Release|Any CPU
		{E963B766-56BF-4966-8917-88C1EE69D61A}.Release|x86.ActiveCfg = Release|Any CPU
		{E963B766-56BF-4966-8917-88C1EE69D61A}.Release|x86.Build.0 = Release|Any CPU
		{F5B9841C-2999-427C-BC3A-47603E1C62F1}.All|Any CPU.ActiveCfg = Release|Any CPU
		{F5B9841C-2999-427C-BC3A-47603E1C62F1}.All|Any CPU.Build.0 = Release|Any CPU
		{F5B9841C-2999-427C-BC3A-47603E1C62F1}.All|Mixed Platforms.ActiveCfg = Release|Any CPU
		{F5B9841C-2999-427C-BC3A-47603E1C62F1}.All|Mixed Platforms.Build.0 = Release|Any CPU
		{F5B9841C-2999-427C-BC3A-47603E1C62F1}.All|Win32.ActiveCfg = Release|Any CPU
		{F5B9841C-2999-427C-BC3A-47603E1C62F1}.All|Win32.Build.0 = Release|Any CPU
		{F5B9841C-2999-427C-BC3A-47603E1C62F1}.All|x64.ActiveCfg = Release|Any CPU
		{F5B9841C-2999-427C-BC3A-47603E1C62F1}.All|x64.Build.0 = Release|Any CPU
		{F5B9841C-2999-427C-BC3A-47603E1C62F1}.All|x86.ActiveCfg = Release|Any CPU
		{F5B9841C-2999-427C-BC3A-47603E1C62F1}.All|x86.Build.0 = Release|Any CPU
		{F5B9841C-2999-427C-BC3A-47603E1C62F1}.Debug|Any CPU.ActiveCfg = Debug|Any CPU
		{F5B9841C-2999-427C-BC3A-47603E1C62F1}.Debug|Any CPU.Build.0 = Debug|Any CPU
		{F5B9841C-2999-427C-BC3A-47603E1C62F1}.Debug|Mixed Platforms.ActiveCfg = Debug|Any CPU
		{F5B9841C-2999-427C-BC3A-47603E1C62F1}.Debug|Mixed Platforms.Build.0 = Debug|Any CPU
		{F5B9841C-2999-427C-BC3A-47603E1C62F1}.Debug|Win32.ActiveCfg = Debug|Any CPU
		{F5B9841C-2999-427C-BC3A-47603E1C62F1}.Debug|Win32.Build.0 = Debug|Any CPU
		{F5B9841C-2999-427C-BC3A-47603E1C62F1}.Debug|x64.ActiveCfg = Debug|Any CPU
		{F5B9841C-2999-427C-BC3A-47603E1C62F1}.Debug|x64.Build.0 = Debug|Any CPU
		{F5B9841C-2999-427C-BC3A-47603E1C62F1}.Debug|x86.ActiveCfg = Debug|Any CPU
		{F5B9841C-2999-427C-BC3A-47603E1C62F1}.Debug|x86.Build.0 = Debug|Any CPU
		{F5B9841C-2999-427C-BC3A-47603E1C62F1}.Release|Any CPU.ActiveCfg = Release|Any CPU
		{F5B9841C-2999-427C-BC3A-47603E1C62F1}.Release|Any CPU.Build.0 = Release|Any CPU
		{F5B9841C-2999-427C-BC3A-47603E1C62F1}.Release|Mixed Platforms.ActiveCfg = Release|Any CPU
		{F5B9841C-2999-427C-BC3A-47603E1C62F1}.Release|Mixed Platforms.Build.0 = Release|Any CPU
		{F5B9841C-2999-427C-BC3A-47603E1C62F1}.Release|Win32.ActiveCfg = Release|Any CPU
		{F5B9841C-2999-427C-BC3A-47603E1C62F1}.Release|Win32.Build.0 = Release|Any CPU
		{F5B9841C-2999-427C-BC3A-47603E1C62F1}.Release|x64.ActiveCfg = Release|Any CPU
		{F5B9841C-2999-427C-BC3A-47603E1C62F1}.Release|x64.Build.0 = Release|Any CPU
		{F5B9841C-2999-427C-BC3A-47603E1C62F1}.Release|x86.ActiveCfg = Release|Any CPU
		{F5B9841C-2999-427C-BC3A-47603E1C62F1}.Release|x86.Build.0 = Release|Any CPU
		{20A96D9B-67CB-413A-A6CA-6D77DF4F8DFD}.All|Any CPU.ActiveCfg = Release|Any CPU
		{20A96D9B-67CB-413A-A6CA-6D77DF4F8DFD}.All|Any CPU.Build.0 = Release|Any CPU
		{20A96D9B-67CB-413A-A6CA-6D77DF4F8DFD}.All|Mixed Platforms.ActiveCfg = Release|Any CPU
		{20A96D9B-67CB-413A-A6CA-6D77DF4F8DFD}.All|Mixed Platforms.Build.0 = Release|Any CPU
		{20A96D9B-67CB-413A-A6CA-6D77DF4F8DFD}.All|Win32.ActiveCfg = Release|Any CPU
		{20A96D9B-67CB-413A-A6CA-6D77DF4F8DFD}.All|Win32.Build.0 = Release|Any CPU
		{20A96D9B-67CB-413A-A6CA-6D77DF4F8DFD}.All|x64.ActiveCfg = Release|Any CPU
		{20A96D9B-67CB-413A-A6CA-6D77DF4F8DFD}.All|x64.Build.0 = Release|Any CPU
		{20A96D9B-67CB-413A-A6CA-6D77DF4F8DFD}.All|x86.ActiveCfg = Release|Any CPU
		{20A96D9B-67CB-413A-A6CA-6D77DF4F8DFD}.All|x86.Build.0 = Release|Any CPU
		{20A96D9B-67CB-413A-A6CA-6D77DF4F8DFD}.Debug|Any CPU.ActiveCfg = Debug|Any CPU
		{20A96D9B-67CB-413A-A6CA-6D77DF4F8DFD}.Debug|Any CPU.Build.0 = Debug|Any CPU
		{20A96D9B-67CB-413A-A6CA-6D77DF4F8DFD}.Debug|Mixed Platforms.ActiveCfg = Debug|Any CPU
		{20A96D9B-67CB-413A-A6CA-6D77DF4F8DFD}.Debug|Mixed Platforms.Build.0 = Debug|Any CPU
		{20A96D9B-67CB-413A-A6CA-6D77DF4F8DFD}.Debug|Win32.ActiveCfg = Debug|Any CPU
		{20A96D9B-67CB-413A-A6CA-6D77DF4F8DFD}.Debug|Win32.Build.0 = Debug|Any CPU
		{20A96D9B-67CB-413A-A6CA-6D77DF4F8DFD}.Debug|x64.ActiveCfg = Debug|Any CPU
		{20A96D9B-67CB-413A-A6CA-6D77DF4F8DFD}.Debug|x64.Build.0 = Debug|Any CPU
		{20A96D9B-67CB-413A-A6CA-6D77DF4F8DFD}.Debug|x86.ActiveCfg = Debug|Any CPU
		{20A96D9B-67CB-413A-A6CA-6D77DF4F8DFD}.Debug|x86.Build.0 = Debug|Any CPU
		{20A96D9B-67CB-413A-A6CA-6D77DF4F8DFD}.Release|Any CPU.ActiveCfg = Release|Any CPU
		{20A96D9B-67CB-413A-A6CA-6D77DF4F8DFD}.Release|Any CPU.Build.0 = Release|Any CPU
		{20A96D9B-67CB-413A-A6CA-6D77DF4F8DFD}.Release|Mixed Platforms.ActiveCfg = Release|Any CPU
		{20A96D9B-67CB-413A-A6CA-6D77DF4F8DFD}.Release|Mixed Platforms.Build.0 = Release|Any CPU
		{20A96D9B-67CB-413A-A6CA-6D77DF4F8DFD}.Release|Win32.ActiveCfg = Release|Any CPU
		{20A96D9B-67CB-413A-A6CA-6D77DF4F8DFD}.Release|Win32.Build.0 = Release|Any CPU
		{20A96D9B-67CB-413A-A6CA-6D77DF4F8DFD}.Release|x64.ActiveCfg = Release|Any CPU
		{20A96D9B-67CB-413A-A6CA-6D77DF4F8DFD}.Release|x64.Build.0 = Release|Any CPU
		{20A96D9B-67CB-413A-A6CA-6D77DF4F8DFD}.Release|x86.ActiveCfg = Release|Any CPU
		{20A96D9B-67CB-413A-A6CA-6D77DF4F8DFD}.Release|x86.Build.0 = Release|Any CPU
	EndGlobalSection
	GlobalSection(SolutionProperties) = preSolution
		HideSolutionNode = FALSE
	EndGlobalSection
	GlobalSection(ExtensibilityGlobals) = postSolution
		SolutionGuid = {85368944-CE54-467E-827C-008A69636F9D}
	EndGlobalSection
EndGlobal
