<?xml version="1.0" encoding="utf-8"?>
<Project ToolsVersion="4.0" xmlns="http://schemas.microsoft.com/developer/msbuild/2003">
  <ItemGroup>
    <Filter Include="Source Files">
      <UniqueIdentifier>{4FC737F1-C7A5-4376-A066-2A32D752A2FF}</UniqueIdentifier>
      <Extensions>cpp;c;cc;cxx;def;odl;idl;hpj;bat;asm;asmx</Extensions>
    </Filter>
    <Filter Include="Header Files">
      <UniqueIdentifier>{93995380-89BD-4b04-88EB-625FBE52EBFB}</UniqueIdentifier>
      <Extensions>h;hpp;hxx;hm;inl;inc;xsd</Extensions>
    </Filter>
    <Filter Include="Resource Files">
      <UniqueIdentifier>{67DA6AB6-F800-4c08-8B7A-83BB121AAD01}</UniqueIdentifier>
      <Extensions>rc;ico;cur;bmp;dlg;rc2;rct;bin;rgs;gif;jpg;jpeg;jpe;resx;tiff;tif;png;wav;mfcribbon-ms</Extensions>
    </Filter>
    <Filter Include="Connection">
      <UniqueIdentifier>{d70b450e-e60d-466a-ae4e-c7933ffb2a87}</UniqueIdentifier>
    </Filter>
    <Filter Include="NetSystem">
      <UniqueIdentifier>{34a13e0b-a3fc-4d5e-898a-a3810d8d40b7}</UniqueIdentifier>
    </Filter>
    <Filter Include="Server">
      <UniqueIdentifier>{1fbd5440-f56d-4cf3-a8a8-1594ccd4c093}</UniqueIdentifier>
    </Filter>
  </ItemGroup>
  <ItemGroup>
    <None Include="ConnectionUDP.inl">
      <Filter>Connection</Filter>
    </None>
    <None Include="ConnectionManager.inl">
      <Filter>Connection</Filter>
    </None>
    <None Include="Connection.inl">
      <Filter>Connection</Filter>
    </None>
    <None Include="NetSvrDef.inl">
      <Filter>Server</Filter>
    </None>
    <None Include="NetServerUDP.inl">
      <Filter>Server</Filter>
    </None>
    <None Include="NetServerPeer.inl">
      <Filter>Server</Filter>
    </None>
    <None Include="NetServer.inl">
      <Filter>Server</Filter>
    </None>
    <None Include="NetSystem.inl">
      <Filter>NetSystem</Filter>
    </None>
    <None Include="NetDef.inl">
      <Filter>NetSystem</Filter>
    </None>
    <None Include="NetClient.inl">
      <Filter>NetSystem</Filter>
    </None>
    <None Include="MessageWindow.inl">
      <Filter>Connection</Filter>
    </None>
    <None Include="NetServerPeerTCP.inl">
      <Filter>Server</Filter>
    </None>
    <None Include="ConnectionTCP.inl">
      <Filter>Connection</Filter>
    </None>
    <None Include="NetRawUDP.inl">
      <Filter>NetSystem</Filter>
    </None>
    <None Include="NetCtrl.inl">
      <Filter>NetSystem</Filter>
    </None>
  </ItemGroup>
  <ItemGroup>
    <ClInclude Include="stdafx.h">
      <Filter>Header Files</Filter>
    </ClInclude>
    <ClInclude Include="targetver.h">
      <Filter>Header Files</Filter>
    </ClInclude>
    <ClInclude Include="ConnectionUDP.h">
      <Filter>Connection</Filter>
    </ClInclude>
    <ClInclude Include="LoopbackConnection.h">
      <Filter>Connection</Filter>
    </ClInclude>
    <ClInclude Include="Connection.h">
      <Filter>Connection</Filter>
    </ClInclude>
    <ClInclude Include="ConnectionManager.h">
      <Filter>Connection</Filter>
    </ClInclude>
    <ClInclude Include="NetSvrDef.h">
      <Filter>Server</Filter>
    </ClInclude>
    <ClInclude Include="NetServerUDP.h">
      <Filter>Server</Filter>
    </ClInclude>
    <ClInclude Include="NetServerPeer.h">
      <Filter>Server</Filter>
    </ClInclude>
    <ClInclude Include="NetServer.h">
      <Filter>Server</Filter>
    </ClInclude>
    <ClInclude Include="NetSystem.h">
      <Filter>NetSystem</Filter>
    </ClInclude>
    <ClInclude Include="NetPolicy.h">
      <Filter>NetSystem</Filter>
    </ClInclude>
    <ClInclude Include="NetDef.h">
      <Filter>NetSystem</Filter>
    </ClInclude>
    <ClInclude Include="NetConst.h">
      <Filter>NetSystem</Filter>
    </ClInclude>
    <ClInclude Include="NetClient.h">
      <Filter>NetSystem</Filter>
    </ClInclude>
    <ClInclude Include="NetToString.h">
      <Filter>NetSystem</Filter>
    </ClInclude>
    <ClInclude Include="NetTrace.h">
      <Filter>NetSystem</Filter>
    </ClInclude>
    <ClInclude Include="NetConnectionTask.h">
      <Filter>Connection</Filter>
    </ClInclude>
    <ClInclude Include="ConnectionMUDP.h">
      <Filter>Connection</Filter>
    </ClInclude>
    <ClInclude Include="MessageWindow.h">
      <Filter>Connection</Filter>
    </ClInclude>
    <ClInclude Include="NetServerPeerTCP.h">
      <Filter>Server</Filter>
    </ClInclude>
    <ClInclude Include="ConnectionTCP.h">
      <Filter>Connection</Filter>
    </ClInclude>
    <ClInclude Include="NetRawUDP.h">
      <Filter>NetSystem</Filter>
    </ClInclude>
    <ClInclude Include="NetCtrl.h">
      <Filter>NetSystem</Filter>
    </ClInclude>
    <ClInclude Include="NetUtil.h">
      <Filter>NetSystem</Filter>
    </ClInclude>
  </ItemGroup>
  <ItemGroup>
    <ClCompile Include="stdafx.cpp">
      <Filter>Source Files</Filter>
    </ClCompile>
    <ClCompile Include="Connection.cpp">
      <Filter>Connection</Filter>
    </ClCompile>
    <ClCompile Include="Connection_PrintMessage.cpp">
      <Filter>Connection</Filter>
    </ClCompile>
    <ClCompile Include="ConnectionManager.cpp">
      <Filter>Connection</Filter>
    </ClCompile>
    <ClCompile Include="ConnectionTCP.cpp">
      <Filter>Connection</Filter>
    </ClCompile>
    <ClCompile Include="ConnectionUDP.cpp">
      <Filter>Connection</Filter>
    </ClCompile>
    <ClCompile Include="LoopbackConnection.cpp">
      <Filter>Connection</Filter>
    </ClCompile>
    <ClCompile Include="NetConnectionTask.cpp">
      <Filter>Connection</Filter>
    </ClCompile>
    <ClCompile Include="NetDef.cpp">
      <Filter>NetSystem</Filter>
    </ClCompile>
    <ClCompile Include="NetClient.cpp">
      <Filter>NetSystem</Filter>
    </ClCompile>
    <ClCompile Include="NetSvrDef.cpp">
      <Filter>NetSystem</Filter>
    </ClCompile>
    <ClCompile Include="NetSystem.cpp">
      <Filter>NetSystem</Filter>
    </ClCompile>
    <ClCompile Include="NetTrace.cpp">
      <Filter>NetSystem</Filter>
    </ClCompile>
    <ClCompile Include="NetServer.cpp">
      <Filter>Server</Filter>
    </ClCompile>
    <ClCompile Include="NetServerPeer.cpp">
      <Filter>Server</Filter>
    </ClCompile>
    <ClCompile Include="NetServerTCP.cpp">
      <Filter>Server</Filter>
    </ClCompile>
    <ClCompile Include="NetServerUDP.cpp">
      <Filter>Server</Filter>
    </ClCompile>
    <ClCompile Include="ConnectionMUDP.cpp">
      <Filter>Connection</Filter>
    </ClCompile>
    <ClCompile Include="MessageWindow.cpp">
      <Filter>Connection</Filter>
    </ClCompile>
    <ClCompile Include="NetServerMUDP.cpp">
      <Filter>Server</Filter>
    </ClCompile>
    <ClCompile Include="NetServerPeerTCP.cpp">
      <Filter>Server</Filter>
    </ClCompile>
    <ClCompile Include="ConnectionPeerTCP.cpp">
      <Filter>Connection</Filter>
    </ClCompile>
    <ClCompile Include="NetToString.cpp">
      <Filter>NetSystem</Filter>
    </ClCompile>
    <ClCompile Include="NetPolicy.cpp">
      <Filter>NetSystem</Filter>
    </ClCompile>
    <ClCompile Include="NetRawUDP.cpp">
      <Filter>NetSystem</Filter>
    </ClCompile>
    <ClCompile Include="NetCtrl.cpp">
      <Filter>NetSystem</Filter>
    </ClCompile>
    <ClCompile Include="NetUtil.cpp">
      <Filter>NetSystem</Filter>
    </ClCompile>
  </ItemGroup>
</Project>