<?xml version="1.0" encoding="utf-8"?>
<Project ToolsVersion="4.0" xmlns="http://schemas.microsoft.com/developer/msbuild/2003">
  <ItemGroup>
    <Filter Include="Source Files">
      <UniqueIdentifier>{5629ecc0-5ea5-42ad-a584-a401c5a49df4}</UniqueIdentifier>
    </Filter>
    <Filter Include="conspiracy">
      <UniqueIdentifier>{fec0bca4-eeeb-4c8f-b95a-8928eefb2292}</UniqueIdentifier>
    </Filter>
    <Filter Include="Header Files">
      <UniqueIdentifier>{cc56e723-6c66-46b3-9b30-b91c7233208f}</UniqueIdentifier>
    </Filter>
    <Filter Include="Resource Files">
      <UniqueIdentifier>{67d99445-bd1d-4c34-ace4-ac458b869ca5}</UniqueIdentifier>
    </Filter>
  </ItemGroup>
  <ItemGroup>
    <ClCompile Include="$(MSBuildThisFileDirectory)conspiracy\BotTalkTbl.cpp" />
    <ClCompile Include="$(MSBuildThisFileDirectory)conspiracy\GameConfigTbl.cpp" />
    <ClCompile Include="$(MSBuildThisFileDirectory)conspiracy\LevelTbl.cpp" />
    <ClCompile Include="$(MSBuildThisFileDirectory)conspiracy\OrganicTbl.cpp" />
    <ClCompile Include="$(MSBuildThisFileDirectory)conspiracy\RewardTbl.cpp" />
    <ClCompile Include="$(MSBuildThisFileDirectory)conspiracy\ShopTbl.cpp" />
    <ClCompile Include="$(MSBuildThisFileDirectory)conspiracy\TableVersionTbl.cpp" />
    <ClCompile Include="$(MSBuildThisFileDirectory)TableQueries.cpp" />
    <ClCompile Include="$(MSBuildThisFileDirectory)TableSystem.cpp" />
  </ItemGroup>
  <ItemGroup>
    <ClInclude Include="$(MSBuildThisFileDirectory)conspiracy\GameConfigTbl.h" />
    <ClInclude Include="$(MSBuildThisFileDirectory)conspiracy\LevelTbl.h" />
    <ClInclude Include="$(MSBuildThisFileDirectory)conspiracy\OrganicTbl.h" />
    <ClInclude Include="$(MSBuildThisFileDirectory)conspiracy\RewardTbl.h" />
    <ClInclude Include="$(MSBuildThisFileDirectory)conspiracy\ShopTbl.h" />
    <ClInclude Include="$(MSBuildThisFileDirectory)conspiracy\TableVersionTbl.h" />
    <ClInclude Include="$(MSBuildThisFileDirectory)TableQueries.h" />
    <ClInclude Include="$(MSBuildThisFileDirectory)TableSystem.h" />
    <ClInclude Include="$(MSBuildThisFileDirectory)targetver.h" />
    <ClInclude Include="$(MSBuildThisFileDirectory)conspiracy\BotTalkTbl.h" />
    <ClInclude Include="$(MSBuildThisFileDirectory)TablePCH.h" />
  </ItemGroup>
</Project>