<?xml version="1.0" encoding="utf-8"?>
<Project ToolsVersion="4.0" xmlns="http://schemas.microsoft.com/developer/msbuild/2003">
  <ItemGroup>
    <Filter Include="Header Files">
      <UniqueIdentifier>{b44590ad-9c90-4784-b133-4136f6b818a2}</UniqueIdentifier>
    </Filter>
  </ItemGroup>
  <ItemGroup>
    <ClCompile Include="$(MSBuildThisFileDirectory)ConspiracyGameInstanceServer.cpp" />
    <ClCompile Include="$(MSBuildThisFileDirectory)ConspiracyGameInstanceServerClass.cpp" />
    <ClCompile Include="$(MSBuildThisFileDirectory)GameInstance\GameInstanceEntity.cpp" />
    <ClCompile Include="$(MSBuildThisFileDirectory)GameInstance\GameInstanceEntity_MsgProc.cpp" />
    <ClCompile Include="$(MSBuildThisFileDirectory)GameInstance\GameInstanceManager.cpp" />
    <ClCompile Include="$(MSBuildThisFileDirectory)GameInstance\GamePlayer.cpp" />
    <ClCompile Include="$(MSBuildThisFileDirectory)GameSystem\ChattingLogSystem.cpp" />
    <ClCompile Include="$(MSBuildThisFileDirectory)GameSystem\GameLogSystem.cpp" />
    <ClCompile Include="$(MSBuildThisFileDirectory)GameSystem\GamePlaySystem.cpp" />
    <ClCompile Include="$(MSBuildThisFileDirectory)GameSystem\GameStateSystem.cpp" />
    <ClCompile Include="$(MSBuildThisFileDirectory)GameSystem\GameVote.cpp" />
    <ClCompile Include="$(MSBuildThisFileDirectory)Transaction\GameInstanceServerTrans.cpp" />
    <ClCompile Include="$(MSBuildThisFileDirectory)Transaction\GameInstanceTransPlayer.cpp" />
  </ItemGroup>
  <ItemGroup>
    <ClInclude Include="$(MSBuildThisFileDirectory)ConspiracyGameInstanceServerClass.h" />
    <ClInclude Include="$(MSBuildThisFileDirectory)ConspiracyGameInstanceSvrConst.h" />
    <ClInclude Include="$(MSBuildThisFileDirectory)GameInstance\GameInstanceEntity.h" />
    <ClInclude Include="$(MSBuildThisFileDirectory)GameInstance\GameInstanceManager.h" />
    <ClInclude Include="$(MSBuildThisFileDirectory)GameInstance\GamePlayer.h" />
    <ClInclude Include="$(MSBuildThisFileDirectory)GameServer.h" />
    <ClInclude Include="$(MSBuildThisFileDirectory)GameSystem\ChattingLogSystem.h" />
    <ClInclude Include="$(MSBuildThisFileDirectory)GameSystem\GameLogSystem.h" />
    <ClInclude Include="$(MSBuildThisFileDirectory)GameSystem\GamePlaySystem.h" />
    <ClInclude Include="$(MSBuildThisFileDirectory)GameSystem\GameStateSystem.h" />
    <ClInclude Include="$(MSBuildThisFileDirectory)GameSystem\GameSystemComponentIDs.h" />
    <ClInclude Include="$(MSBuildThisFileDirectory)GameSystem\GameVote.h" />
    <ClInclude Include="$(MSBuildThisFileDirectory)Resource.h" />
    <ClInclude Include="$(MSBuildThisFileDirectory)targetver.h" />
    <ClInclude Include="$(MSBuildThisFileDirectory)Transaction\GameInstanceServerTrans.h" />
    <ClInclude Include="$(MSBuildThisFileDirectory)Transaction\GameInstanceTransaction.h" />
    <ClInclude Include="$(MSBuildThisFileDirectory)Transaction\GameInstanceTransPlayer.h" />
    <ClInclude Include="$(MSBuildThisFileDirectory)GameInstancePCH.h" />
  </ItemGroup>
  <ItemGroup>
    <None Include="$(MSBuildThisFileDirectory)ConspiracyGameInstanceServerClass.inl" />
    <None Include="$(MSBuildThisFileDirectory)GameInstance\GameInstanceEntity.inl" />
    <None Include="$(MSBuildThisFileDirectory)GameInstance\GamePlayer.inl" />
    <None Include="$(MSBuildThisFileDirectory)GameSystem\GamePlaySystem.inl" />
  </ItemGroup>
</Project>