<?xml version="1.0" encoding="utf-8"?>
<Project ToolsVersion="4.0" xmlns="http://schemas.microsoft.com/developer/msbuild/2003">
  <ItemGroup>
    <Filter Include="DB">
      <UniqueIdentifier>{a28e8c94-0fb4-4cc9-ac2f-8619e348b842}</UniqueIdentifier>
    </Filter>
    <Filter Include="DBSource">
      <UniqueIdentifier>{438bdf73-7608-4900-8ddf-de171ea7f13d}</UniqueIdentifier>
    </Filter>
    <Filter Include="MYSQL">
      <UniqueIdentifier>{05ea999d-f376-4dce-8d77-a07e91127fcf}</UniqueIdentifier>
    </Filter>
    <Filter Include="OLEDB">
      <UniqueIdentifier>{c89f6282-30a1-4f7c-8eee-2883154cf4bf}</UniqueIdentifier>
    </Filter>
  </ItemGroup>
  <ItemGroup>
    <ClCompile Include="DataSource.cpp">
      <Filter>DB</Filter>
    </ClCompile>
    <ClCompile Include="DBTrace.cpp">
      <Filter>DB</Filter>
    </ClCompile>
    <ClCompile Include="Factory.cpp">
      <Filter>DB</Filter>
    </ClCompile>
    <ClCompile Include="QueryManager.cpp">
      <Filter>DB</Filter>
    </ClCompile>
    <ClCompile Include="QueryWorker.cpp">
      <Filter>DB</Filter>
    </ClCompile>
    <ClCompile Include="QueryWorkerManager.cpp">
      <Filter>DB</Filter>
    </ClCompile>
    <ClCompile Include="Session.cpp">
      <Filter>DB</Filter>
    </ClCompile>
    <ClCompile Include="stdafx.cpp">
      <Filter>DB</Filter>
    </ClCompile>
    <ClCompile Include="AccountDB.cpp">
      <Filter>DBSource</Filter>
    </ClCompile>
    <ClCompile Include="AccountQuery.cpp">
      <Filter>DBSource</Filter>
    </ClCompile>
    <ClCompile Include="GameConspiracyDB.cpp">
      <Filter>DBSource</Filter>
    </ClCompile>
    <ClCompile Include="GameConspiracyQuery.cpp">
      <Filter>DBSource</Filter>
    </ClCompile>
    <ClCompile Include="GameTransactionDB.cpp">
      <Filter>DBSource</Filter>
    </ClCompile>
    <ClCompile Include="GameTransactionDBQuery.cpp">
      <Filter>DBSource</Filter>
    </ClCompile>
    <ClCompile Include="LoginSessionDB.cpp">
      <Filter>DBSource</Filter>
    </ClCompile>
    <ClCompile Include="LoginSessionQuery.cpp">
      <Filter>DBSource</Filter>
    </ClCompile>
    <ClCompile Include="RankingDB.cpp">
      <Filter>DBSource</Filter>
    </ClCompile>
    <ClCompile Include="RankingDBQuery.cpp">
      <Filter>DBSource</Filter>
    </ClCompile>
    <ClCompile Include="SessionMYSQL.cpp">
      <Filter>MYSQL</Filter>
    </ClCompile>
    <ClCompile Include="SessionOLEDB.cpp">
      <Filter>OLEDB</Filter>
    </ClCompile>
    <ClCompile Include="ShardCoordinatorDBQuery.cpp">
      <Filter>DBSource</Filter>
    </ClCompile>
    <ClCompile Include="QueryMYSQL.cpp">
      <Filter>MYSQL</Filter>
    </ClCompile>
    <ClCompile Include="FactoryMYSQL.cpp">
      <Filter>MYSQL</Filter>
    </ClCompile>
    <ClCompile Include="DataSourceMYSQL.cpp">
      <Filter>MYSQL</Filter>
    </ClCompile>
    <ClCompile Include="FactoryOLEDB.cpp">
      <Filter>OLEDB</Filter>
    </ClCompile>
    <ClCompile Include="DataSourceOLEDB.cpp">
      <Filter>OLEDB</Filter>
    </ClCompile>
  </ItemGroup>
  <ItemGroup>
    <ClInclude Include="DataSource.h">
      <Filter>DB</Filter>
    </ClInclude>
    <ClInclude Include="DBConst.h">
      <Filter>DB</Filter>
    </ClInclude>
    <ClInclude Include="DBToString.h">
      <Filter>DB</Filter>
    </ClInclude>
    <ClInclude Include="DBTrace.h">
      <Filter>DB</Filter>
    </ClInclude>
    <ClInclude Include="Factory.h">
      <Filter>DB</Filter>
    </ClInclude>
    <ClInclude Include="Query.h">
      <Filter>DB</Filter>
    </ClInclude>
    <ClInclude Include="QueryConst.h">
      <Filter>DB</Filter>
    </ClInclude>
    <ClInclude Include="QueryManager.h">
      <Filter>DB</Filter>
    </ClInclude>
    <ClInclude Include="QueryWorker.h">
      <Filter>DB</Filter>
    </ClInclude>
    <ClInclude Include="QueryWorkerManager.h">
      <Filter>DB</Filter>
    </ClInclude>
    <ClInclude Include="Session.h">
      <Filter>DB</Filter>
    </ClInclude>
    <ClInclude Include="stdafx.h">
      <Filter>DB</Filter>
    </ClInclude>
    <ClInclude Include="targetver.h">
      <Filter>DB</Filter>
    </ClInclude>
    <ClInclude Include="AccountDB.h">
      <Filter>DBSource</Filter>
    </ClInclude>
    <ClInclude Include="AccountQuery.h">
      <Filter>DBSource</Filter>
    </ClInclude>
    <ClInclude Include="GameConspiracyDB.h">
      <Filter>DBSource</Filter>
    </ClInclude>
    <ClInclude Include="GameConspiracyQuery.h">
      <Filter>DBSource</Filter>
    </ClInclude>
    <ClInclude Include="GameTransactionDB.h">
      <Filter>DBSource</Filter>
    </ClInclude>
    <ClInclude Include="GameTransactionDBQuery.h">
      <Filter>DBSource</Filter>
    </ClInclude>
    <ClInclude Include="LoginSessionDB.h">
      <Filter>DBSource</Filter>
    </ClInclude>
    <ClInclude Include="LoginSessionQuery.h">
      <Filter>DBSource</Filter>
    </ClInclude>
    <ClInclude Include="RankingDB.h">
      <Filter>DBSource</Filter>
    </ClInclude>
    <ClInclude Include="RankingDBQuery.h">
      <Filter>DBSource</Filter>
    </ClInclude>
    <ClInclude Include="SessionMYSQL.h">
      <Filter>MYSQL</Filter>
    </ClInclude>
    <ClInclude Include="SessionOLEDB.h">
      <Filter>OLEDB</Filter>
    </ClInclude>
    <ClInclude Include="ShardCoordinatorDBQuery.h">
      <Filter>DBSource</Filter>
    </ClInclude>
    <ClInclude Include="QueryMYSQL.h">
      <Filter>MYSQL</Filter>
    </ClInclude>
    <ClInclude Include="FactoryMYSQL.h">
      <Filter>MYSQL</Filter>
    </ClInclude>
    <ClInclude Include="DBMYSQL.h">
      <Filter>MYSQL</Filter>
    </ClInclude>
    <ClInclude Include="DataSourceMYSQL.h">
      <Filter>MYSQL</Filter>
    </ClInclude>
    <ClInclude Include="FactoryOLEDB.h">
      <Filter>OLEDB</Filter>
    </ClInclude>
    <ClInclude Include="QueryOLEDB.h">
      <Filter>OLEDB</Filter>
    </ClInclude>
    <ClInclude Include="DataSourceOLEDB.h">
      <Filter>OLEDB</Filter>
    </ClInclude>
    <ClInclude Include="DBOLEDB.h">
      <Filter>OLEDB</Filter>
    </ClInclude>
  </ItemGroup>
</Project>