<?xml version="1.0" encoding="utf-8"?>
<Project ToolsVersion="4.0" xmlns="http://schemas.microsoft.com/developer/msbuild/2003">
  <ItemGroup>
    <Filter Include="GameInstance">
      <UniqueIdentifier>{56792398-622e-4123-9dca-b80e80f6c627}</UniqueIdentifier>
    </Filter>
    <Filter Include="GameSystem">
      <UniqueIdentifier>{cdab6d93-4be3-45c4-917f-56ccd2df2c31}</UniqueIdentifier>
    </Filter>
    <Filter Include="ServerEntity">
      <UniqueIdentifier>{0e898437-a8a6-4c64-b736-caced1219f4c}</UniqueIdentifier>
    </Filter>
    <Filter Include="Transaction">
      <UniqueIdentifier>{f0d11c74-d3d0-466b-a9e3-c9ebb489590a}</UniqueIdentifier>
    </Filter>
  </ItemGroup>
  <ItemGroup>
    <ClInclude Include="GameServer.h" />
    <ClInclude Include="GameServerClass.h" />
    <ClInclude Include="GameSvrConst.h" />
    <ClInclude Include="stdafx.h" />
    <ClInclude Include="Transaction\GamePlayerEntityTransFriend.h">
      <Filter>Transaction</Filter>
    </ClInclude>
    <ClInclude Include="Transaction\GamePlayerEntityTransGame.h">
      <Filter>Transaction</Filter>
    </ClInclude>
    <ClInclude Include="Transaction\GamePlayerEntityTransParty.h">
      <Filter>Transaction</Filter>
    </ClInclude>
    <ClInclude Include="Transaction\GameServerEntityTrans.h">
      <Filter>Transaction</Filter>
    </ClInclude>
    <ClInclude Include="Transaction\GameServerTrans.h">
      <Filter>Transaction</Filter>
    </ClInclude>
    <ClInclude Include="Transaction\GameMasterTrans.h">
      <Filter>Transaction</Filter>
    </ClInclude>
    <ClInclude Include="Transaction\GamePlayerEntityTrans.h">
      <Filter>Transaction</Filter>
    </ClInclude>
    <ClInclude Include="Transaction\GamePlayerEntityTransClose.h">
      <Filter>Transaction</Filter>
    </ClInclude>
    <ClInclude Include="ServerEntity\LoginServerEntity.h">
      <Filter>ServerEntity</Filter>
    </ClInclude>
    <ClInclude Include="ServerEntity\ServerEntityTrans.h">
      <Filter>ServerEntity</Filter>
    </ClInclude>
    <ClInclude Include="ServerEntity\EntityServerEntity.h">
      <Filter>ServerEntity</Filter>
    </ClInclude>
    <ClInclude Include="ServerEntity\GameServerEntity.h">
      <Filter>ServerEntity</Filter>
    </ClInclude>
    <ClInclude Include="GameSystem\UserFriendSystem.h">
      <Filter>GameSystem</Filter>
    </ClInclude>
    <ClInclude Include="GameSystem\UserGamePlayerInfoSystem.h">
      <Filter>GameSystem</Filter>
    </ClInclude>
    <ClInclude Include="GameSystem\UserNotifySystem.h">
      <Filter>GameSystem</Filter>
    </ClInclude>
    <ClInclude Include="GameSystem\UserSystemComponentIDs.h">
      <Filter>GameSystem</Filter>
    </ClInclude>
    <ClInclude Include="GameInstance\GamePlayerEntity.h">
      <Filter>GameInstance</Filter>
    </ClInclude>
    <ClInclude Include="GameInstance\GameEntityManager.h">
      <Filter>GameInstance</Filter>
    </ClInclude>
  </ItemGroup>
  <ItemGroup>
    <ClCompile Include="GameServer_NetProc.cpp" />
    <ClCompile Include="GameServerClass.cpp" />
    <ClCompile Include="stdafx.cpp" />
    <ClCompile Include="GameServer.cpp" />
    <ClCompile Include="Transaction\GamePlayerEntityTransFriend.cpp">
      <Filter>Transaction</Filter>
    </ClCompile>
    <ClCompile Include="Transaction\GamePlayerEntityTransGame.cpp">
      <Filter>Transaction</Filter>
    </ClCompile>
    <ClCompile Include="Transaction\GamePlayerEntityTransParty.cpp">
      <Filter>Transaction</Filter>
    </ClCompile>
    <ClCompile Include="Transaction\GameServerEntityTrans.cpp">
      <Filter>Transaction</Filter>
    </ClCompile>
    <ClCompile Include="Transaction\GameServerTrans.cpp">
      <Filter>Transaction</Filter>
    </ClCompile>
    <ClCompile Include="Transaction\GameMasterTrans.cpp">
      <Filter>Transaction</Filter>
    </ClCompile>
    <ClCompile Include="Transaction\GamePlayerEntityTrans.cpp">
      <Filter>Transaction</Filter>
    </ClCompile>
    <ClCompile Include="Transaction\GamePlayerEntityTransClose.cpp">
      <Filter>Transaction</Filter>
    </ClCompile>
    <ClCompile Include="ServerEntity\LoginServerEntity.cpp">
      <Filter>ServerEntity</Filter>
    </ClCompile>
    <ClCompile Include="ServerEntity\ServerEntityTrans.cpp">
      <Filter>ServerEntity</Filter>
    </ClCompile>
    <ClCompile Include="ServerEntity\EntityServerEntity.cpp">
      <Filter>ServerEntity</Filter>
    </ClCompile>
    <ClCompile Include="ServerEntity\GameServerEntity.cpp">
      <Filter>ServerEntity</Filter>
    </ClCompile>
    <ClCompile Include="GameSystem\UserGamePlayerInfoSystem.cpp">
      <Filter>GameSystem</Filter>
    </ClCompile>
    <ClCompile Include="GameSystem\UserNotifySystem.cpp">
      <Filter>GameSystem</Filter>
    </ClCompile>
    <ClCompile Include="GameSystem\UserFriendSystem.cpp">
      <Filter>GameSystem</Filter>
    </ClCompile>
    <ClCompile Include="GameInstance\GamePlayerEntity.cpp">
      <Filter>GameInstance</Filter>
    </ClCompile>
    <ClCompile Include="GameInstance\GameEntityManager.cpp">
      <Filter>GameInstance</Filter>
    </ClCompile>
  </ItemGroup>
  <ItemGroup>
    <None Include="GameServerClass.inl" />
    <None Include="GameInstance\GamePlayerEntity.inl">
      <Filter>GameInstance</Filter>
    </None>
  </ItemGroup>
</Project>